// !$*UTF8*$!
{
	archiveVersion = 1;
	classes = {
	};
	objectVersion = 50;
	objects = {

/* Begin PBXBuildFile section */
		2B2577E8ABE72C162BC2DF4F /* libPods-meli assesmentTests.a in Frameworks */ = {isa = PBXBuildFile; fileRef = B382AE8D75225DF6FF7849BE /* libPods-meli assesmentTests.a */; };
		35C714DDCB79FF519086FB4A /* libPods-meli assesmentUITests.a in Frameworks */ = {isa = PBXBuildFile; fileRef = B9D7983E308E2983D08D2CFE /* libPods-meli assesmentUITests.a */; };
		58080657262357AD00CF3455 /* SearchController.swift in Sources */ = {isa = PBXBuildFile; fileRef = 58080656262357AD00CF3455 /* SearchController.swift */; };
		581B739A261E42B600F37C79 /* AppDelegate.swift in Sources */ = {isa = PBXBuildFile; fileRef = 581B7399261E42B600F37C79 /* AppDelegate.swift */; };
		581B739C261E42B600F37C79 /* SceneDelegate.swift in Sources */ = {isa = PBXBuildFile; fileRef = 581B739B261E42B600F37C79 /* SceneDelegate.swift */; };
		581B739E261E42B600F37C79 /* ViewController.swift in Sources */ = {isa = PBXBuildFile; fileRef = 581B739D261E42B600F37C79 /* ViewController.swift */; };
		581B73A3261E42BA00F37C79 /* Assets.xcassets in Resources */ = {isa = PBXBuildFile; fileRef = 581B73A2261E42BA00F37C79 /* Assets.xcassets */; };
		581B73A6261E42BA00F37C79 /* LaunchScreen.storyboard in Resources */ = {isa = PBXBuildFile; fileRef = 581B73A4261E42BA00F37C79 /* LaunchScreen.storyboard */; };
		581B73BC261E42BA00F37C79 /* meli_assesmentUITests.swift in Sources */ = {isa = PBXBuildFile; fileRef = 581B73BB261E42BA00F37C79 /* meli_assesmentUITests.swift */; };
		581B73E1261E581B00F37C79 /* ProductListVC.swift in Sources */ = {isa = PBXBuildFile; fileRef = 581B73DF261E581B00F37C79 /* ProductListVC.swift */; };
		581B73E2261E581B00F37C79 /* ProductListVC.xib in Resources */ = {isa = PBXBuildFile; fileRef = 581B73E0261E581B00F37C79 /* ProductListVC.xib */; };
		581B73E8261E584500F37C79 /* Networking.swift in Sources */ = {isa = PBXBuildFile; fileRef = 581B73E7261E584500F37C79 /* Networking.swift */; };
		581B73F7261E85AC00F37C79 /* ProductsServices.swift in Sources */ = {isa = PBXBuildFile; fileRef = 581B73F6261E85AC00F37C79 /* ProductsServices.swift */; };
		581B73FD261E865000F37C79 /* Product.swift in Sources */ = {isa = PBXBuildFile; fileRef = 581B73FC261E865000F37C79 /* Product.swift */; };
		581B7402261E8CD000F37C79 /* ProductResponse.swift in Sources */ = {isa = PBXBuildFile; fileRef = 581B7401261E8CD000F37C79 /* ProductResponse.swift */; };
		581C8E3C26223521004D6968 /* ProductListPresenter.swift in Sources */ = {isa = PBXBuildFile; fileRef = 581C8E3B26223521004D6968 /* ProductListPresenter.swift */; };
		581C8E4126225261004D6968 /* ListViewStateType.swift in Sources */ = {isa = PBXBuildFile; fileRef = 581C8E4026225261004D6968 /* ListViewStateType.swift */; };
		583EAE142620988A00E66C2A /* ProductServicesTests.swift in Sources */ = {isa = PBXBuildFile; fileRef = 583EAE132620988A00E66C2A /* ProductServicesTests.swift */; };
		58445190261FBDB10054380D /* NetworkingTests.swift in Sources */ = {isa = PBXBuildFile; fileRef = 5844518F261FBDB10054380D /* NetworkingTests.swift */; };
		584451BE261FCF340054380D /* ProductQueryResponse.json in Resources */ = {isa = PBXBuildFile; fileRef = 584451A0261FC61E0054380D /* ProductQueryResponse.json */; };
		584587BA2623E1550084E6CE /* ProductVC.swift in Sources */ = {isa = PBXBuildFile; fileRef = 584587B82623E1550084E6CE /* ProductVC.swift */; };
		584587BB2623E1550084E6CE /* ProductVC.xib in Resources */ = {isa = PBXBuildFile; fileRef = 584587B92623E1550084E6CE /* ProductVC.xib */; };
		58641B242645A73E00B964CE /* ProductListPresenterTests.swift in Sources */ = {isa = PBXBuildFile; fileRef = 58641B232645A73E00B964CE /* ProductListPresenterTests.swift */; };
		58641B272645AC7100B964CE /* ProductListIpadVC.swift in Sources */ = {isa = PBXBuildFile; fileRef = 58641B252645AC7100B964CE /* ProductListIpadVC.swift */; };
		58641B282645AC7100B964CE /* ProductListIpadVC.xib in Resources */ = {isa = PBXBuildFile; fileRef = 58641B262645AC7100B964CE /* ProductListIpadVC.xib */; };
		58641B2A2645ACD600B964CE /* ProductListViewProtocol.swift in Sources */ = {isa = PBXBuildFile; fileRef = 58641B292645ACD600B964CE /* ProductListViewProtocol.swift */; };
		58646643264C370100CA1662 /* ProductIpadCollectionViewCell.swift in Sources */ = {isa = PBXBuildFile; fileRef = 58646641264C370100CA1662 /* ProductIpadCollectionViewCell.swift */; };
		58646644264C370100CA1662 /* ProductIpadCollectionViewCell.xib in Resources */ = {isa = PBXBuildFile; fileRef = 58646642264C370100CA1662 /* ProductIpadCollectionViewCell.xib */; };
		58646646264C51DF00CA1662 /* ProductViewProtocol.swift in Sources */ = {isa = PBXBuildFile; fileRef = 58646645264C51DF00CA1662 /* ProductViewProtocol.swift */; };
		5864664D264C78F600CA1662 /* EmptyView.swift in Sources */ = {isa = PBXBuildFile; fileRef = 5864664B264C78F600CA1662 /* EmptyView.swift */; };
		5864664E264C78F600CA1662 /* EmptyView.xib in Resources */ = {isa = PBXBuildFile; fileRef = 5864664C264C78F600CA1662 /* EmptyView.xib */; };
		58646651264C8FAA00CA1662 /* CustomUIViewProtocol.swift in Sources */ = {isa = PBXBuildFile; fileRef = 58646650264C8FAA00CA1662 /* CustomUIViewProtocol.swift */; };
		58646654264C905200CA1662 /* NoResultView.swift in Sources */ = {isa = PBXBuildFile; fileRef = 58646652264C905200CA1662 /* NoResultView.swift */; };
		58646655264C905200CA1662 /* NoResultView.xib in Resources */ = {isa = PBXBuildFile; fileRef = 58646653264C905200CA1662 /* NoResultView.xib */; };
		58646658264C92F000CA1662 /* ActivityIndicatorView.swift in Sources */ = {isa = PBXBuildFile; fileRef = 58646656264C92F000CA1662 /* ActivityIndicatorView.swift */; };
		58646659264C92F000CA1662 /* ActivityIndicatorView.xib in Resources */ = {isa = PBXBuildFile; fileRef = 58646657264C92F000CA1662 /* ActivityIndicatorView.xib */; };
		586DDEBC2620E5A2000C9F9F /* ProductResponse.json in Resources */ = {isa = PBXBuildFile; fileRef = 586DDEBB2620E5A2000C9F9F /* ProductResponse.json */; };
		586DDEC4262109ED000C9F9F /* ProductCellView.swift in Sources */ = {isa = PBXBuildFile; fileRef = 586DDEC2262109ED000C9F9F /* ProductCellView.swift */; };
		586DDEC5262109ED000C9F9F /* ProductCellView.xib in Resources */ = {isa = PBXBuildFile; fileRef = 586DDEC3262109ED000C9F9F /* ProductCellView.xib */; };
		586E0C6D261F516F000769CE /* GoogleService-Info.plist in Resources */ = {isa = PBXBuildFile; fileRef = 586E0C6C261F516F000769CE /* GoogleService-Info.plist */; };
		586E0CDF261F840D000769CE /* LogUtils.swift in Sources */ = {isa = PBXBuildFile; fileRef = 586E0CDE261F840D000769CE /* LogUtils.swift */; };
		5870CE0726434BEC00CA2DCF /* ProductIpadVCTests.swift in Sources */ = {isa = PBXBuildFile; fileRef = 5870CE0626434BEC00CA2DCF /* ProductIpadVCTests.swift */; };
		58D9710326248C5E00093B97 /* PricesList.swift in Sources */ = {isa = PBXBuildFile; fileRef = 58D9710226248C5E00093B97 /* PricesList.swift */; };
		58D9710826248CCA00093B97 /* SinglePrice.swift in Sources */ = {isa = PBXBuildFile; fileRef = 58D9710726248CCA00093B97 /* SinglePrice.swift */; };
		58D971182624967D00093B97 /* ProductPresenter.swift in Sources */ = {isa = PBXBuildFile; fileRef = 58D971172624967D00093B97 /* ProductPresenter.swift */; };
		58D9712026249ADF00093B97 /* PriceFormaterUtils.swift in Sources */ = {isa = PBXBuildFile; fileRef = 58D9711F26249ADF00093B97 /* PriceFormaterUtils.swift */; };
		58D971252624A1EF00093B97 /* ProductPriceType.swift in Sources */ = {isa = PBXBuildFile; fileRef = 58D971242624A1EF00093B97 /* ProductPriceType.swift */; };
		58D9712A2624A8AD00093B97 /* ShippingMethod.swift in Sources */ = {isa = PBXBuildFile; fileRef = 58D971292624A8AD00093B97 /* ShippingMethod.swift */; };
		58D9712F2624AE2400093B97 /* ProductDescription.swift in Sources */ = {isa = PBXBuildFile; fileRef = 58D9712E2624AE2400093B97 /* ProductDescription.swift */; };
		58D971822624B9D200093B97 /* ProductDescriptionResponse.json in Resources */ = {isa = PBXBuildFile; fileRef = 58D971762624B9CA00093B97 /* ProductDescriptionResponse.json */; };
		58D972082624EDEA00093B97 /* Localizable.strings in Resources */ = {isa = PBXBuildFile; fileRef = 58D9720B2624EDEA00093B97 /* Localizable.strings */; };
		58D972092624EDEA00093B97 /* Localizable.strings in Resources */ = {isa = PBXBuildFile; fileRef = 58D9720B2624EDEA00093B97 /* Localizable.strings */; };
		58D972132624EE5300093B97 /* String+Localized.swift in Sources */ = {isa = PBXBuildFile; fileRef = 58D972122624EE5300093B97 /* String+Localized.swift */; };
		58D972182624EF8300093B97 /* Localized.swift in Sources */ = {isa = PBXBuildFile; fileRef = 58D972172624EF8300093B97 /* Localized.swift */; };
		58D9721D2624F72300093B97 /* PriceFormatterUtilsTests.swift in Sources */ = {isa = PBXBuildFile; fileRef = 58D9721C2624F72300093B97 /* PriceFormatterUtilsTests.swift */; };
		58D972402624FFE300093B97 /* ProductPresenterTests.swift in Sources */ = {isa = PBXBuildFile; fileRef = 58D9723F2624FFE300093B97 /* ProductPresenterTests.swift */; };
		58D97261262511B700093B97 /* PriceFormaterStub.swift in Sources */ = {isa = PBXBuildFile; fileRef = 58D97260262511B700093B97 /* PriceFormaterStub.swift */; };
		58D97266262511DC00093B97 /* ProductViewMock.swift in Sources */ = {isa = PBXBuildFile; fileRef = 58D97265262511DC00093B97 /* ProductViewMock.swift */; };
		58D9729C262557EE00093B97 /* AccesibilityIds.swift in Sources */ = {isa = PBXBuildFile; fileRef = 58D9729B262557EE00093B97 /* AccesibilityIds.swift */; };
		58D972A02625598900093B97 /* AccesibilityIds.swift in Sources */ = {isa = PBXBuildFile; fileRef = 58D9729B262557EE00093B97 /* AccesibilityIds.swift */; };
		58D972A42625599200093B97 /* Localizable.strings in Resources */ = {isa = PBXBuildFile; fileRef = 58D9720B2624EDEA00093B97 /* Localizable.strings */; };
		58EFEB7E26227694003D4629 /* ProductsServicesMock.swift in Sources */ = {isa = PBXBuildFile; fileRef = 58EFEB7D26227694003D4629 /* ProductsServicesMock.swift */; };
		58EFEB86262276BA003D4629 /* ProductListViewMock.swift in Sources */ = {isa = PBXBuildFile; fileRef = 58EFEB85262276BA003D4629 /* ProductListViewMock.swift */; };
		E0091C73A4C6097535AC4AFC /* libPods-meli assesment.a in Frameworks */ = {isa = PBXBuildFile; fileRef = 92564B6D58B68676E801F7E6 /* libPods-meli assesment.a */; };
/* End PBXBuildFile section */

/* Begin PBXContainerItemProxy section */
		581B73AD261E42BA00F37C79 /* PBXContainerItemProxy */ = {
			isa = PBXContainerItemProxy;
			containerPortal = 581B738E261E42B600F37C79 /* Project object */;
			proxyType = 1;
			remoteGlobalIDString = 581B7395261E42B600F37C79;
			remoteInfo = "meli assesment";
		};
		581B73B8261E42BA00F37C79 /* PBXContainerItemProxy */ = {
			isa = PBXContainerItemProxy;
			containerPortal = 581B738E261E42B600F37C79 /* Project object */;
			proxyType = 1;
			remoteGlobalIDString = 581B7395261E42B600F37C79;
			remoteInfo = "meli assesment";
		};
/* End PBXContainerItemProxy section */

/* Begin PBXFileReference section */
		3B5BF9C967F56DB4AFA8C777 /* Pods-meli assesment.release.xcconfig */ = {isa = PBXFileReference; includeInIndex = 1; lastKnownFileType = text.xcconfig; name = "Pods-meli assesment.release.xcconfig"; path = "Target Support Files/Pods-meli assesment/Pods-meli assesment.release.xcconfig"; sourceTree = "<group>"; };
		48552C71EC42D696FAFDF3D2 /* Pods-meli assesment-meli assesmentUITests.release.xcconfig */ = {isa = PBXFileReference; includeInIndex = 1; lastKnownFileType = text.xcconfig; name = "Pods-meli assesment-meli assesmentUITests.release.xcconfig"; path = "Target Support Files/Pods-meli assesment-meli assesmentUITests/Pods-meli assesment-meli assesmentUITests.release.xcconfig"; sourceTree = "<group>"; };
		4CAFA0EDA307B075F5AA66D5 /* Pods-meli assesment-meli assesmentUITests.debug.xcconfig */ = {isa = PBXFileReference; includeInIndex = 1; lastKnownFileType = text.xcconfig; name = "Pods-meli assesment-meli assesmentUITests.debug.xcconfig"; path = "Target Support Files/Pods-meli assesment-meli assesmentUITests/Pods-meli assesment-meli assesmentUITests.debug.xcconfig"; sourceTree = "<group>"; };
		58080656262357AD00CF3455 /* SearchController.swift */ = {isa = PBXFileReference; lastKnownFileType = sourcecode.swift; path = SearchController.swift; sourceTree = "<group>"; };
		581B7396261E42B600F37C79 /* meli assesment.app */ = {isa = PBXFileReference; explicitFileType = wrapper.application; includeInIndex = 0; path = "meli assesment.app"; sourceTree = BUILT_PRODUCTS_DIR; };
		581B7399261E42B600F37C79 /* AppDelegate.swift */ = {isa = PBXFileReference; lastKnownFileType = sourcecode.swift; path = AppDelegate.swift; sourceTree = "<group>"; };
		581B739B261E42B600F37C79 /* SceneDelegate.swift */ = {isa = PBXFileReference; lastKnownFileType = sourcecode.swift; path = SceneDelegate.swift; sourceTree = "<group>"; };
		581B739D261E42B600F37C79 /* ViewController.swift */ = {isa = PBXFileReference; lastKnownFileType = sourcecode.swift; path = ViewController.swift; sourceTree = "<group>"; };
		581B73A2261E42BA00F37C79 /* Assets.xcassets */ = {isa = PBXFileReference; lastKnownFileType = folder.assetcatalog; path = Assets.xcassets; sourceTree = "<group>"; };
		581B73A5261E42BA00F37C79 /* Base */ = {isa = PBXFileReference; lastKnownFileType = file.storyboard; name = Base; path = Base.lproj/LaunchScreen.storyboard; sourceTree = "<group>"; };
		581B73A7261E42BA00F37C79 /* Info.plist */ = {isa = PBXFileReference; lastKnownFileType = text.plist.xml; path = Info.plist; sourceTree = "<group>"; };
		581B73AC261E42BA00F37C79 /* meli assesmentTests.xctest */ = {isa = PBXFileReference; explicitFileType = wrapper.cfbundle; includeInIndex = 0; path = "meli assesmentTests.xctest"; sourceTree = BUILT_PRODUCTS_DIR; };
		581B73B2261E42BA00F37C79 /* Info.plist */ = {isa = PBXFileReference; lastKnownFileType = text.plist.xml; path = Info.plist; sourceTree = "<group>"; };
		581B73B7261E42BA00F37C79 /* meli assesmentUITests.xctest */ = {isa = PBXFileReference; explicitFileType = wrapper.cfbundle; includeInIndex = 0; path = "meli assesmentUITests.xctest"; sourceTree = BUILT_PRODUCTS_DIR; };
		581B73BB261E42BA00F37C79 /* meli_assesmentUITests.swift */ = {isa = PBXFileReference; lastKnownFileType = sourcecode.swift; path = meli_assesmentUITests.swift; sourceTree = "<group>"; };
		581B73BD261E42BA00F37C79 /* Info.plist */ = {isa = PBXFileReference; lastKnownFileType = text.plist.xml; path = Info.plist; sourceTree = "<group>"; };
		581B73DF261E581B00F37C79 /* ProductListVC.swift */ = {isa = PBXFileReference; lastKnownFileType = sourcecode.swift; path = ProductListVC.swift; sourceTree = "<group>"; };
		581B73E0261E581B00F37C79 /* ProductListVC.xib */ = {isa = PBXFileReference; lastKnownFileType = file.xib; path = ProductListVC.xib; sourceTree = "<group>"; };
		581B73E7261E584500F37C79 /* Networking.swift */ = {isa = PBXFileReference; lastKnownFileType = sourcecode.swift; path = Networking.swift; sourceTree = "<group>"; };
		581B73F6261E85AC00F37C79 /* ProductsServices.swift */ = {isa = PBXFileReference; lastKnownFileType = sourcecode.swift; path = ProductsServices.swift; sourceTree = "<group>"; };
		581B73FC261E865000F37C79 /* Product.swift */ = {isa = PBXFileReference; lastKnownFileType = sourcecode.swift; path = Product.swift; sourceTree = "<group>"; };
		581B7401261E8CD000F37C79 /* ProductResponse.swift */ = {isa = PBXFileReference; lastKnownFileType = sourcecode.swift; path = ProductResponse.swift; sourceTree = "<group>"; };
		581C8E3B26223521004D6968 /* ProductListPresenter.swift */ = {isa = PBXFileReference; lastKnownFileType = sourcecode.swift; path = ProductListPresenter.swift; sourceTree = "<group>"; };
		581C8E4026225261004D6968 /* ListViewStateType.swift */ = {isa = PBXFileReference; lastKnownFileType = sourcecode.swift; path = ListViewStateType.swift; sourceTree = "<group>"; };
		583EAE132620988A00E66C2A /* ProductServicesTests.swift */ = {isa = PBXFileReference; lastKnownFileType = sourcecode.swift; path = ProductServicesTests.swift; sourceTree = "<group>"; };
		5844518F261FBDB10054380D /* NetworkingTests.swift */ = {isa = PBXFileReference; lastKnownFileType = sourcecode.swift; path = NetworkingTests.swift; sourceTree = "<group>"; };
		584451A0261FC61E0054380D /* ProductQueryResponse.json */ = {isa = PBXFileReference; lastKnownFileType = text.json; path = ProductQueryResponse.json; sourceTree = "<group>"; };
		584587B82623E1550084E6CE /* ProductVC.swift */ = {isa = PBXFileReference; lastKnownFileType = sourcecode.swift; path = ProductVC.swift; sourceTree = "<group>"; };
		584587B92623E1550084E6CE /* ProductVC.xib */ = {isa = PBXFileReference; lastKnownFileType = file.xib; path = ProductVC.xib; sourceTree = "<group>"; };
		58641B232645A73E00B964CE /* ProductListPresenterTests.swift */ = {isa = PBXFileReference; fileEncoding = 4; lastKnownFileType = sourcecode.swift; path = ProductListPresenterTests.swift; sourceTree = "<group>"; };
		58641B252645AC7100B964CE /* ProductListIpadVC.swift */ = {isa = PBXFileReference; lastKnownFileType = sourcecode.swift; path = ProductListIpadVC.swift; sourceTree = "<group>"; };
		58641B262645AC7100B964CE /* ProductListIpadVC.xib */ = {isa = PBXFileReference; lastKnownFileType = file.xib; path = ProductListIpadVC.xib; sourceTree = "<group>"; };
		58641B292645ACD600B964CE /* ProductListViewProtocol.swift */ = {isa = PBXFileReference; lastKnownFileType = sourcecode.swift; path = ProductListViewProtocol.swift; sourceTree = "<group>"; };
		58646641264C370100CA1662 /* ProductIpadCollectionViewCell.swift */ = {isa = PBXFileReference; lastKnownFileType = sourcecode.swift; path = ProductIpadCollectionViewCell.swift; sourceTree = "<group>"; };
		58646642264C370100CA1662 /* ProductIpadCollectionViewCell.xib */ = {isa = PBXFileReference; lastKnownFileType = file.xib; path = ProductIpadCollectionViewCell.xib; sourceTree = "<group>"; };
		58646645264C51DF00CA1662 /* ProductViewProtocol.swift */ = {isa = PBXFileReference; lastKnownFileType = sourcecode.swift; path = ProductViewProtocol.swift; sourceTree = "<group>"; };
		5864664B264C78F600CA1662 /* EmptyView.swift */ = {isa = PBXFileReference; lastKnownFileType = sourcecode.swift; path = EmptyView.swift; sourceTree = "<group>"; };
		5864664C264C78F600CA1662 /* EmptyView.xib */ = {isa = PBXFileReference; lastKnownFileType = file.xib; path = EmptyView.xib; sourceTree = "<group>"; };
		58646650264C8FAA00CA1662 /* CustomUIViewProtocol.swift */ = {isa = PBXFileReference; lastKnownFileType = sourcecode.swift; path = CustomUIViewProtocol.swift; sourceTree = "<group>"; };
		58646652264C905200CA1662 /* NoResultView.swift */ = {isa = PBXFileReference; lastKnownFileType = sourcecode.swift; path = NoResultView.swift; sourceTree = "<group>"; };
		58646653264C905200CA1662 /* NoResultView.xib */ = {isa = PBXFileReference; lastKnownFileType = file.xib; path = NoResultView.xib; sourceTree = "<group>"; };
		58646656264C92F000CA1662 /* ActivityIndicatorView.swift */ = {isa = PBXFileReference; lastKnownFileType = sourcecode.swift; path = ActivityIndicatorView.swift; sourceTree = "<group>"; };
		58646657264C92F000CA1662 /* ActivityIndicatorView.xib */ = {isa = PBXFileReference; lastKnownFileType = file.xib; path = ActivityIndicatorView.xib; sourceTree = "<group>"; };
		586DDEBB2620E5A2000C9F9F /* ProductResponse.json */ = {isa = PBXFileReference; fileEncoding = 4; lastKnownFileType = text.json; path = ProductResponse.json; sourceTree = "<group>"; };
		586DDEC2262109ED000C9F9F /* ProductCellView.swift */ = {isa = PBXFileReference; lastKnownFileType = sourcecode.swift; path = ProductCellView.swift; sourceTree = "<group>"; };
		586DDEC3262109ED000C9F9F /* ProductCellView.xib */ = {isa = PBXFileReference; lastKnownFileType = file.xib; path = ProductCellView.xib; sourceTree = "<group>"; };
		586E0C6C261F516F000769CE /* GoogleService-Info.plist */ = {isa = PBXFileReference; fileEncoding = 4; lastKnownFileType = text.plist.xml; path = "GoogleService-Info.plist"; sourceTree = "<group>"; };
		586E0CDE261F840D000769CE /* LogUtils.swift */ = {isa = PBXFileReference; lastKnownFileType = sourcecode.swift; path = LogUtils.swift; sourceTree = "<group>"; };
		5870CE0626434BEC00CA2DCF /* ProductIpadVCTests.swift */ = {isa = PBXFileReference; lastKnownFileType = sourcecode.swift; path = ProductIpadVCTests.swift; sourceTree = "<group>"; };
		58D9710226248C5E00093B97 /* PricesList.swift */ = {isa = PBXFileReference; lastKnownFileType = sourcecode.swift; path = PricesList.swift; sourceTree = "<group>"; };
		58D9710726248CCA00093B97 /* SinglePrice.swift */ = {isa = PBXFileReference; lastKnownFileType = sourcecode.swift; path = SinglePrice.swift; sourceTree = "<group>"; };
		58D971172624967D00093B97 /* ProductPresenter.swift */ = {isa = PBXFileReference; lastKnownFileType = sourcecode.swift; path = ProductPresenter.swift; sourceTree = "<group>"; };
		58D9711F26249ADF00093B97 /* PriceFormaterUtils.swift */ = {isa = PBXFileReference; lastKnownFileType = sourcecode.swift; path = PriceFormaterUtils.swift; sourceTree = "<group>"; };
		58D971242624A1EF00093B97 /* ProductPriceType.swift */ = {isa = PBXFileReference; lastKnownFileType = sourcecode.swift; path = ProductPriceType.swift; sourceTree = "<group>"; };
		58D971292624A8AD00093B97 /* ShippingMethod.swift */ = {isa = PBXFileReference; lastKnownFileType = sourcecode.swift; path = ShippingMethod.swift; sourceTree = "<group>"; };
		58D9712E2624AE2400093B97 /* ProductDescription.swift */ = {isa = PBXFileReference; lastKnownFileType = sourcecode.swift; path = ProductDescription.swift; sourceTree = "<group>"; };
		58D971762624B9CA00093B97 /* ProductDescriptionResponse.json */ = {isa = PBXFileReference; lastKnownFileType = text.json; path = ProductDescriptionResponse.json; sourceTree = "<group>"; };
		58D9720A2624EDEA00093B97 /* en */ = {isa = PBXFileReference; lastKnownFileType = text.plist.strings; name = en; path = en.lproj/Localizable.strings; sourceTree = "<group>"; };
		58D972122624EE5300093B97 /* String+Localized.swift */ = {isa = PBXFileReference; lastKnownFileType = sourcecode.swift; path = "String+Localized.swift"; sourceTree = "<group>"; };
		58D972172624EF8300093B97 /* Localized.swift */ = {isa = PBXFileReference; lastKnownFileType = sourcecode.swift; path = Localized.swift; sourceTree = "<group>"; };
		58D9721C2624F72300093B97 /* PriceFormatterUtilsTests.swift */ = {isa = PBXFileReference; lastKnownFileType = sourcecode.swift; path = PriceFormatterUtilsTests.swift; sourceTree = "<group>"; };
		58D9723F2624FFE300093B97 /* ProductPresenterTests.swift */ = {isa = PBXFileReference; lastKnownFileType = sourcecode.swift; path = ProductPresenterTests.swift; sourceTree = "<group>"; };
		58D97260262511B700093B97 /* PriceFormaterStub.swift */ = {isa = PBXFileReference; lastKnownFileType = sourcecode.swift; path = PriceFormaterStub.swift; sourceTree = "<group>"; };
		58D97265262511DC00093B97 /* ProductViewMock.swift */ = {isa = PBXFileReference; lastKnownFileType = sourcecode.swift; path = ProductViewMock.swift; sourceTree = "<group>"; };
		58D9729B262557EE00093B97 /* AccesibilityIds.swift */ = {isa = PBXFileReference; lastKnownFileType = sourcecode.swift; path = AccesibilityIds.swift; sourceTree = "<group>"; };
		58EFEB7D26227694003D4629 /* ProductsServicesMock.swift */ = {isa = PBXFileReference; lastKnownFileType = sourcecode.swift; path = ProductsServicesMock.swift; sourceTree = "<group>"; };
		58EFEB85262276BA003D4629 /* ProductListViewMock.swift */ = {isa = PBXFileReference; lastKnownFileType = sourcecode.swift; path = ProductListViewMock.swift; sourceTree = "<group>"; };
		84E13B0F1739222263B2817E /* Pods-meli assesmentTests.release.xcconfig */ = {isa = PBXFileReference; includeInIndex = 1; lastKnownFileType = text.xcconfig; name = "Pods-meli assesmentTests.release.xcconfig"; path = "Target Support Files/Pods-meli assesmentTests/Pods-meli assesmentTests.release.xcconfig"; sourceTree = "<group>"; };
		92564B6D58B68676E801F7E6 /* libPods-meli assesment.a */ = {isa = PBXFileReference; explicitFileType = archive.ar; includeInIndex = 0; path = "libPods-meli assesment.a"; sourceTree = BUILT_PRODUCTS_DIR; };
		9DD8E1EA3BA5F217BB0CF609 /* Pods-meli assesmentUITests.release.xcconfig */ = {isa = PBXFileReference; includeInIndex = 1; lastKnownFileType = text.xcconfig; name = "Pods-meli assesmentUITests.release.xcconfig"; path = "Target Support Files/Pods-meli assesmentUITests/Pods-meli assesmentUITests.release.xcconfig"; sourceTree = "<group>"; };
		B382AE8D75225DF6FF7849BE /* libPods-meli assesmentTests.a */ = {isa = PBXFileReference; explicitFileType = archive.ar; includeInIndex = 0; path = "libPods-meli assesmentTests.a"; sourceTree = BUILT_PRODUCTS_DIR; };
		B9D7983E308E2983D08D2CFE /* libPods-meli assesmentUITests.a */ = {isa = PBXFileReference; explicitFileType = archive.ar; includeInIndex = 0; path = "libPods-meli assesmentUITests.a"; sourceTree = BUILT_PRODUCTS_DIR; };
		DBFEEAB74CC5D516D71863BD /* Pods-meli assesmentUITests.debug.xcconfig */ = {isa = PBXFileReference; includeInIndex = 1; lastKnownFileType = text.xcconfig; name = "Pods-meli assesmentUITests.debug.xcconfig"; path = "Target Support Files/Pods-meli assesmentUITests/Pods-meli assesmentUITests.debug.xcconfig"; sourceTree = "<group>"; };
		E9F14AFF8E67499DD68E11F6 /* Pods-meli assesmentTests.debug.xcconfig */ = {isa = PBXFileReference; includeInIndex = 1; lastKnownFileType = text.xcconfig; name = "Pods-meli assesmentTests.debug.xcconfig"; path = "Target Support Files/Pods-meli assesmentTests/Pods-meli assesmentTests.debug.xcconfig"; sourceTree = "<group>"; };
		F0FE409A312C9B444F44303A /* Pods-meli assesment.debug.xcconfig */ = {isa = PBXFileReference; includeInIndex = 1; lastKnownFileType = text.xcconfig; name = "Pods-meli assesment.debug.xcconfig"; path = "Target Support Files/Pods-meli assesment/Pods-meli assesment.debug.xcconfig"; sourceTree = "<group>"; };
/* End PBXFileReference section */

/* Begin PBXFrameworksBuildPhase section */
		581B7393261E42B600F37C79 /* Frameworks */ = {
			isa = PBXFrameworksBuildPhase;
			buildActionMask = 2147483647;
			files = (
				E0091C73A4C6097535AC4AFC /* libPods-meli assesment.a in Frameworks */,
			);
			runOnlyForDeploymentPostprocessing = 0;
		};
		581B73A9261E42BA00F37C79 /* Frameworks */ = {
			isa = PBXFrameworksBuildPhase;
			buildActionMask = 2147483647;
			files = (
				2B2577E8ABE72C162BC2DF4F /* libPods-meli assesmentTests.a in Frameworks */,
			);
			runOnlyForDeploymentPostprocessing = 0;
		};
		581B73B4261E42BA00F37C79 /* Frameworks */ = {
			isa = PBXFrameworksBuildPhase;
			buildActionMask = 2147483647;
			files = (
				35C714DDCB79FF519086FB4A /* libPods-meli assesmentUITests.a in Frameworks */,
			);
			runOnlyForDeploymentPostprocessing = 0;
		};
/* End PBXFrameworksBuildPhase section */

/* Begin PBXGroup section */
		19E553A40B63388018AB7C3A /* Pods */ = {
			isa = PBXGroup;
			children = (
				F0FE409A312C9B444F44303A /* Pods-meli assesment.debug.xcconfig */,
				3B5BF9C967F56DB4AFA8C777 /* Pods-meli assesment.release.xcconfig */,
				4CAFA0EDA307B075F5AA66D5 /* Pods-meli assesment-meli assesmentUITests.debug.xcconfig */,
				48552C71EC42D696FAFDF3D2 /* Pods-meli assesment-meli assesmentUITests.release.xcconfig */,
				E9F14AFF8E67499DD68E11F6 /* Pods-meli assesmentTests.debug.xcconfig */,
				84E13B0F1739222263B2817E /* Pods-meli assesmentTests.release.xcconfig */,
				DBFEEAB74CC5D516D71863BD /* Pods-meli assesmentUITests.debug.xcconfig */,
				9DD8E1EA3BA5F217BB0CF609 /* Pods-meli assesmentUITests.release.xcconfig */,
			);
			path = Pods;
			sourceTree = "<group>";
		};
		581B738D261E42B600F37C79 = {
			isa = PBXGroup;
			children = (
				581B7398261E42B600F37C79 /* meli assesment */,
				581B73AF261E42BA00F37C79 /* meli assesmentTests */,
				581B73BA261E42BA00F37C79 /* meli assesmentUITests */,
				581B7397261E42B600F37C79 /* Products */,
				19E553A40B63388018AB7C3A /* Pods */,
				7433342E850012A192D5A3D6 /* Frameworks */,
			);
			sourceTree = "<group>";
		};
		581B7397261E42B600F37C79 /* Products */ = {
			isa = PBXGroup;
			children = (
				581B7396261E42B600F37C79 /* meli assesment.app */,
				581B73AC261E42BA00F37C79 /* meli assesmentTests.xctest */,
				581B73B7261E42BA00F37C79 /* meli assesmentUITests.xctest */,
			);
			name = Products;
			sourceTree = "<group>";
		};
		581B7398261E42B600F37C79 /* meli assesment */ = {
			isa = PBXGroup;
			children = (
				584587B42623E0F00084E6CE /* Product */,
				586E0CDD261F83DF000769CE /* Utils */,
				581B73E6261E582900F37C79 /* Networking */,
				581B73DE261E57AB00F37C79 /* ProductList */,
				581B7399261E42B600F37C79 /* AppDelegate.swift */,
				581B739B261E42B600F37C79 /* SceneDelegate.swift */,
				581B739D261E42B600F37C79 /* ViewController.swift */,
				581B73A2261E42BA00F37C79 /* Assets.xcassets */,
				581B73A4261E42BA00F37C79 /* LaunchScreen.storyboard */,
				581B73A7261E42BA00F37C79 /* Info.plist */,
				586E0C6C261F516F000769CE /* GoogleService-Info.plist */,
				58D9720B2624EDEA00093B97 /* Localizable.strings */,
			);
			path = "meli assesment";
			sourceTree = "<group>";
		};
		581B73AF261E42BA00F37C79 /* meli assesmentTests */ = {
			isa = PBXGroup;
			children = (
				58D9723D2624FFB700093B97 /* Product */,
				5844518C261FBD3D0054380D /* Utils */,
				5844518E261FBD780054380D /* Networking */,
				58EFEB6C26225C46003D4629 /* ProductList */,
				581B73B2261E42BA00F37C79 /* Info.plist */,
			);
			path = "meli assesmentTests";
			sourceTree = "<group>";
		};
		581B73BA261E42BA00F37C79 /* meli assesmentUITests */ = {
			isa = PBXGroup;
			children = (
				581B73BB261E42BA00F37C79 /* meli_assesmentUITests.swift */,
				581B73BD261E42BA00F37C79 /* Info.plist */,
			);
			path = "meli assesmentUITests";
			sourceTree = "<group>";
		};
		581B73DE261E57AB00F37C79 /* ProductList */ = {
			isa = PBXGroup;
			children = (
				581C8E38262234EC004D6968 /* Model */,
				581C8E39262234F3004D6968 /* View */,
				581C8E3A262234FF004D6968 /* Presenter */,
			);
			path = ProductList;
			sourceTree = "<group>";
		};
		581B73E6261E582900F37C79 /* Networking */ = {
			isa = PBXGroup;
			children = (
				581B73FB261E862B00F37C79 /* Models */,
				581B73E7261E584500F37C79 /* Networking.swift */,
				581B73F6261E85AC00F37C79 /* ProductsServices.swift */,
			);
			path = Networking;
			sourceTree = "<group>";
		};
		581B73FB261E862B00F37C79 /* Models */ = {
			isa = PBXGroup;
			children = (
				581B73FC261E865000F37C79 /* Product.swift */,
				581B7401261E8CD000F37C79 /* ProductResponse.swift */,
				58D9710226248C5E00093B97 /* PricesList.swift */,
				58D9710726248CCA00093B97 /* SinglePrice.swift */,
				58D971242624A1EF00093B97 /* ProductPriceType.swift */,
				58D971292624A8AD00093B97 /* ShippingMethod.swift */,
				58D9712E2624AE2400093B97 /* ProductDescription.swift */,
			);
			path = Models;
			sourceTree = "<group>";
		};
		581C8E38262234EC004D6968 /* Model */ = {
			isa = PBXGroup;
			children = (
				58641B292645ACD600B964CE /* ProductListViewProtocol.swift */,
			);
			path = Model;
			sourceTree = "<group>";
		};
		581C8E39262234F3004D6968 /* View */ = {
			isa = PBXGroup;
			children = (
				58080656262357AD00CF3455 /* SearchController.swift */,
				581B73DF261E581B00F37C79 /* ProductListVC.swift */,
				581B73E0261E581B00F37C79 /* ProductListVC.xib */,
				586DDEC2262109ED000C9F9F /* ProductCellView.swift */,
				586DDEC3262109ED000C9F9F /* ProductCellView.xib */,
				58641B252645AC7100B964CE /* ProductListIpadVC.swift */,
				58641B262645AC7100B964CE /* ProductListIpadVC.xib */,
				58646641264C370100CA1662 /* ProductIpadCollectionViewCell.swift */,
				58646642264C370100CA1662 /* ProductIpadCollectionViewCell.xib */,
			);
			path = View;
			sourceTree = "<group>";
		};
		581C8E3A262234FF004D6968 /* Presenter */ = {
			isa = PBXGroup;
			children = (
				581C8E3B26223521004D6968 /* ProductListPresenter.swift */,
			);
			path = Presenter;
			sourceTree = "<group>";
		};
		5844518C261FBD3D0054380D /* Utils */ = {
			isa = PBXGroup;
			children = (
				58D9721C2624F72300093B97 /* PriceFormatterUtilsTests.swift */,
			);
			path = Utils;
			sourceTree = "<group>";
		};
		5844518E261FBD780054380D /* Networking */ = {
			isa = PBXGroup;
			children = (
				5844519F261FC5DC0054380D /* MockRawData */,
				5844518F261FBDB10054380D /* NetworkingTests.swift */,
				583EAE132620988A00E66C2A /* ProductServicesTests.swift */,
			);
			path = Networking;
			sourceTree = "<group>";
		};
		5844519F261FC5DC0054380D /* MockRawData */ = {
			isa = PBXGroup;
			children = (
				584451A0261FC61E0054380D /* ProductQueryResponse.json */,
				586DDEBB2620E5A2000C9F9F /* ProductResponse.json */,
				58D971762624B9CA00093B97 /* ProductDescriptionResponse.json */,
			);
			path = MockRawData;
			sourceTree = "<group>";
		};
		584587B42623E0F00084E6CE /* Product */ = {
			isa = PBXGroup;
			children = (
				584587B62623E1000084E6CE /* Model */,
				584587B52623E0F70084E6CE /* View */,
				584587B72623E1050084E6CE /* Presenter */,
			);
			path = Product;
			sourceTree = "<group>";
		};
		584587B52623E0F70084E6CE /* View */ = {
			isa = PBXGroup;
			children = (
				584587B82623E1550084E6CE /* ProductVC.swift */,
				584587B92623E1550084E6CE /* ProductVC.xib */,
			);
			path = View;
			sourceTree = "<group>";
		};
		584587B62623E1000084E6CE /* Model */ = {
			isa = PBXGroup;
			children = (
				58646645264C51DF00CA1662 /* ProductViewProtocol.swift */,
			);
			path = Model;
			sourceTree = "<group>";
		};
		584587B72623E1050084E6CE /* Presenter */ = {
			isa = PBXGroup;
			children = (
				58D971172624967D00093B97 /* ProductPresenter.swift */,
			);
			path = Presenter;
			sourceTree = "<group>";
		};
		58646648264C76D000CA1662 /* Views */ = {
			isa = PBXGroup;
			children = (
				58646650264C8FAA00CA1662 /* CustomUIViewProtocol.swift */,
				5864664B264C78F600CA1662 /* EmptyView.swift */,
				5864664C264C78F600CA1662 /* EmptyView.xib */,
				58646652264C905200CA1662 /* NoResultView.swift */,
				58646653264C905200CA1662 /* NoResultView.xib */,
				58646656264C92F000CA1662 /* ActivityIndicatorView.swift */,
				58646657264C92F000CA1662 /* ActivityIndicatorView.xib */,
			);
			path = Views;
			sourceTree = "<group>";
		};
		586E0CDD261F83DF000769CE /* Utils */ = {
			isa = PBXGroup;
			children = (
				58646648264C76D000CA1662 /* Views */,
				581C8E4026225261004D6968 /* ListViewStateType.swift */,
				58D972172624EF8300093B97 /* Localized.swift */,
				586E0CDE261F840D000769CE /* LogUtils.swift */,
				58D9711F26249ADF00093B97 /* PriceFormaterUtils.swift */,
				58D972122624EE5300093B97 /* String+Localized.swift */,
				58D9729B262557EE00093B97 /* AccesibilityIds.swift */,
			);
			path = Utils;
			sourceTree = "<group>";
		};
		5870CE0526434B7E00CA2DCF /* View */ = {
			isa = PBXGroup;
			children = (
				5870CE0626434BEC00CA2DCF /* ProductIpadVCTests.swift */,
			);
			path = View;
			sourceTree = "<group>";
		};
		58D9723D2624FFB700093B97 /* Product */ = {
			isa = PBXGroup;
			children = (
				58D9726A262511FB00093B97 /* Mocks */,
				58D9723E2624FFC600093B97 /* Presenter */,
			);
			path = Product;
			sourceTree = "<group>";
		};
		58D9723E2624FFC600093B97 /* Presenter */ = {
			isa = PBXGroup;
			children = (
				58D9723F2624FFE300093B97 /* ProductPresenterTests.swift */,
			);
			path = Presenter;
			sourceTree = "<group>";
		};
		58D9726A262511FB00093B97 /* Mocks */ = {
			isa = PBXGroup;
			children = (
				58D97265262511DC00093B97 /* ProductViewMock.swift */,
				58D97260262511B700093B97 /* PriceFormaterStub.swift */,
			);
			path = Mocks;
			sourceTree = "<group>";
		};
		58EFEB6C26225C46003D4629 /* ProductList */ = {
			isa = PBXGroup;
			children = (
				58EFEB7C2622766F003D4629 /* MockData */,
				58EFEB6D26225C55003D4629 /* Presenter */,
				5870CE0526434B7E00CA2DCF /* View */,
			);
			path = ProductList;
			sourceTree = "<group>";
		};
		58EFEB6D26225C55003D4629 /* Presenter */ = {
			isa = PBXGroup;
			children = (
				58641B232645A73E00B964CE /* ProductListPresenterTests.swift */,
			);
			path = Presenter;
			sourceTree = "<group>";
		};
		58EFEB7C2622766F003D4629 /* MockData */ = {
			isa = PBXGroup;
			children = (
				58EFEB7D26227694003D4629 /* ProductsServicesMock.swift */,
				58EFEB85262276BA003D4629 /* ProductListViewMock.swift */,
			);
			path = MockData;
			sourceTree = "<group>";
		};
		7433342E850012A192D5A3D6 /* Frameworks */ = {
			isa = PBXGroup;
			children = (
				92564B6D58B68676E801F7E6 /* libPods-meli assesment.a */,
				B382AE8D75225DF6FF7849BE /* libPods-meli assesmentTests.a */,
				B9D7983E308E2983D08D2CFE /* libPods-meli assesmentUITests.a */,
			);
			name = Frameworks;
			sourceTree = "<group>";
		};
/* End PBXGroup section */

/* Begin PBXNativeTarget section */
		581B7395261E42B600F37C79 /* meli assesment */ = {
			isa = PBXNativeTarget;
			buildConfigurationList = 581B73C0261E42BA00F37C79 /* Build configuration list for PBXNativeTarget "meli assesment" */;
			buildPhases = (
				FCDED0AA7CF0BE14F0277DB3 /* [CP] Check Pods Manifest.lock */,
				581B7392261E42B600F37C79 /* Sources */,
				581B7393261E42B600F37C79 /* Frameworks */,
				581B7394261E42B600F37C79 /* Resources */,
				586E0C82261F6114000769CE /* ShellScript */,
				586DDEF52621160E000C9F9F /* ShellScript */,
			);
			buildRules = (
			);
			dependencies = (
			);
			name = "meli assesment";
			productName = "meli assesment";
			productReference = 581B7396261E42B600F37C79 /* meli assesment.app */;
			productType = "com.apple.product-type.application";
		};
		581B73AB261E42BA00F37C79 /* meli assesmentTests */ = {
			isa = PBXNativeTarget;
			buildConfigurationList = 581B73C3261E42BA00F37C79 /* Build configuration list for PBXNativeTarget "meli assesmentTests" */;
			buildPhases = (
				9A66DA016DBDAD2FE540D9ED /* [CP] Check Pods Manifest.lock */,
				581B73A8261E42BA00F37C79 /* Sources */,
				581B73A9261E42BA00F37C79 /* Frameworks */,
				581B73AA261E42BA00F37C79 /* Resources */,
			);
			buildRules = (
			);
			dependencies = (
				581B73AE261E42BA00F37C79 /* PBXTargetDependency */,
			);
			name = "meli assesmentTests";
			productName = "meli assesmentTests";
			productReference = 581B73AC261E42BA00F37C79 /* meli assesmentTests.xctest */;
			productType = "com.apple.product-type.bundle.unit-test";
		};
		581B73B6261E42BA00F37C79 /* meli assesmentUITests */ = {
			isa = PBXNativeTarget;
			buildConfigurationList = 581B73C6261E42BA00F37C79 /* Build configuration list for PBXNativeTarget "meli assesmentUITests" */;
			buildPhases = (
				8C20AFA315244CD9D22BCB18 /* [CP] Check Pods Manifest.lock */,
				581B73B3261E42BA00F37C79 /* Sources */,
				581B73B4261E42BA00F37C79 /* Frameworks */,
				581B73B5261E42BA00F37C79 /* Resources */,
			);
			buildRules = (
			);
			dependencies = (
				581B73B9261E42BA00F37C79 /* PBXTargetDependency */,
			);
			name = "meli assesmentUITests";
			productName = "meli assesmentUITests";
			productReference = 581B73B7261E42BA00F37C79 /* meli assesmentUITests.xctest */;
			productType = "com.apple.product-type.bundle.ui-testing";
		};
/* End PBXNativeTarget section */

/* Begin PBXProject section */
		581B738E261E42B600F37C79 /* Project object */ = {
			isa = PBXProject;
			attributes = {
				LastSwiftUpdateCheck = 1240;
				LastUpgradeCheck = 1240;
				TargetAttributes = {
					581B7395261E42B600F37C79 = {
						CreatedOnToolsVersion = 12.4;
					};
					581B73AB261E42BA00F37C79 = {
						CreatedOnToolsVersion = 12.4;
						TestTargetID = 581B7395261E42B600F37C79;
					};
					581B73B6261E42BA00F37C79 = {
						CreatedOnToolsVersion = 12.4;
						TestTargetID = 581B7395261E42B600F37C79;
					};
				};
			};
			buildConfigurationList = 581B7391261E42B600F37C79 /* Build configuration list for PBXProject "meli assesment" */;
			compatibilityVersion = "Xcode 9.3";
			developmentRegion = en;
			hasScannedForEncodings = 0;
			knownRegions = (
				en,
				Base,
			);
			mainGroup = 581B738D261E42B600F37C79;
			productRefGroup = 581B7397261E42B600F37C79 /* Products */;
			projectDirPath = "";
			projectRoot = "";
			targets = (
				581B7395261E42B600F37C79 /* meli assesment */,
				581B73AB261E42BA00F37C79 /* meli assesmentTests */,
				581B73B6261E42BA00F37C79 /* meli assesmentUITests */,
			);
		};
/* End PBXProject section */

/* Begin PBXResourcesBuildPhase section */
		581B7394261E42B600F37C79 /* Resources */ = {
			isa = PBXResourcesBuildPhase;
			buildActionMask = 2147483647;
			files = (
				584587BB2623E1550084E6CE /* ProductVC.xib in Resources */,
				581B73E2261E581B00F37C79 /* ProductListVC.xib in Resources */,
				581B73A6261E42BA00F37C79 /* LaunchScreen.storyboard in Resources */,
				58646659264C92F000CA1662 /* ActivityIndicatorView.xib in Resources */,
				586DDEC5262109ED000C9F9F /* ProductCellView.xib in Resources */,
				586E0C6D261F516F000769CE /* GoogleService-Info.plist in Resources */,
				58641B282645AC7100B964CE /* ProductListIpadVC.xib in Resources */,
				5864664E264C78F600CA1662 /* EmptyView.xib in Resources */,
				58D972082624EDEA00093B97 /* Localizable.strings in Resources */,
				581B73A3261E42BA00F37C79 /* Assets.xcassets in Resources */,
				58646655264C905200CA1662 /* NoResultView.xib in Resources */,
				58646644264C370100CA1662 /* ProductIpadCollectionViewCell.xib in Resources */,
			);
			runOnlyForDeploymentPostprocessing = 0;
		};
		581B73AA261E42BA00F37C79 /* Resources */ = {
			isa = PBXResourcesBuildPhase;
			buildActionMask = 2147483647;
			files = (
				586DDEBC2620E5A2000C9F9F /* ProductResponse.json in Resources */,
				58D972092624EDEA00093B97 /* Localizable.strings in Resources */,
				58D971822624B9D200093B97 /* ProductDescriptionResponse.json in Resources */,
				584451BE261FCF340054380D /* ProductQueryResponse.json in Resources */,
			);
			runOnlyForDeploymentPostprocessing = 0;
		};
		581B73B5261E42BA00F37C79 /* Resources */ = {
			isa = PBXResourcesBuildPhase;
			buildActionMask = 2147483647;
			files = (
				58D972A42625599200093B97 /* Localizable.strings in Resources */,
			);
			runOnlyForDeploymentPostprocessing = 0;
		};
/* End PBXResourcesBuildPhase section */

/* Begin PBXShellScriptBuildPhase section */
		586DDEF52621160E000C9F9F /* ShellScript */ = {
			isa = PBXShellScriptBuildPhase;
			buildActionMask = 2147483647;
			files = (
			);
			inputFileListPaths = (
			);
			inputPaths = (
				"${PODS_ROOT}/SwiftLint/swiftlint",
			);
			outputFileListPaths = (
			);
			outputPaths = (
			);
			runOnlyForDeploymentPostprocessing = 0;
			shellPath = /bin/sh;
			shellScript = "# Type a script or drag a script file from your workspace to insert its path.\n\"${PODS_ROOT}/SwiftLint/swiftlint\"\n";
		};
		586E0C82261F6114000769CE /* ShellScript */ = {
			isa = PBXShellScriptBuildPhase;
			buildActionMask = 2147483647;
			files = (
			);
			inputFileListPaths = (
			);
			inputPaths = (
				"${DWARF_DSYM_FOLDER_PATH}/${DWARF_DSYM_FILE_NAME}/Contents/Resources/DWARF/${TARGET_NAME}",
				"$(SRCROOT)/$(BUILT_PRODUCTS_DIR)/$(INFOPLIST_PATH)",
			);
			outputFileListPaths = (
			);
			outputPaths = (
			);
			runOnlyForDeploymentPostprocessing = 0;
			shellPath = /bin/sh;
			shellScript = "if which \"${PODS_ROOT}/FirebaseCrashlytics/run\" >/dev/null; then\n  \"${PODS_ROOT}/FirebaseCrashlytics/run\"\nelse\n  echo \"warning: SwiftLint not installed, download from https://github.com/realm/SwiftLint\"\nfi\n";
		};
		8C20AFA315244CD9D22BCB18 /* [CP] Check Pods Manifest.lock */ = {
			isa = PBXShellScriptBuildPhase;
			buildActionMask = 2147483647;
			files = (
			);
			inputFileListPaths = (
			);
			inputPaths = (
				"${PODS_PODFILE_DIR_PATH}/Podfile.lock",
				"${PODS_ROOT}/Manifest.lock",
			);
			name = "[CP] Check Pods Manifest.lock";
			outputFileListPaths = (
			);
			outputPaths = (
				"$(DERIVED_FILE_DIR)/Pods-meli assesmentUITests-checkManifestLockResult.txt",
			);
			runOnlyForDeploymentPostprocessing = 0;
			shellPath = /bin/sh;
			shellScript = "diff \"${PODS_PODFILE_DIR_PATH}/Podfile.lock\" \"${PODS_ROOT}/Manifest.lock\" > /dev/null\nif [ $? != 0 ] ; then\n    # print error to STDERR\n    echo \"error: The sandbox is not in sync with the Podfile.lock. Run 'pod install' or update your CocoaPods installation.\" >&2\n    exit 1\nfi\n# This output is used by Xcode 'outputs' to avoid re-running this script phase.\necho \"SUCCESS\" > \"${SCRIPT_OUTPUT_FILE_0}\"\n";
			showEnvVarsInLog = 0;
		};
		9A66DA016DBDAD2FE540D9ED /* [CP] Check Pods Manifest.lock */ = {
			isa = PBXShellScriptBuildPhase;
			buildActionMask = 2147483647;
			files = (
			);
			inputFileListPaths = (
			);
			inputPaths = (
				"${PODS_PODFILE_DIR_PATH}/Podfile.lock",
				"${PODS_ROOT}/Manifest.lock",
			);
			name = "[CP] Check Pods Manifest.lock";
			outputFileListPaths = (
			);
			outputPaths = (
				"$(DERIVED_FILE_DIR)/Pods-meli assesmentTests-checkManifestLockResult.txt",
			);
			runOnlyForDeploymentPostprocessing = 0;
			shellPath = /bin/sh;
			shellScript = "diff \"${PODS_PODFILE_DIR_PATH}/Podfile.lock\" \"${PODS_ROOT}/Manifest.lock\" > /dev/null\nif [ $? != 0 ] ; then\n    # print error to STDERR\n    echo \"error: The sandbox is not in sync with the Podfile.lock. Run 'pod install' or update your CocoaPods installation.\" >&2\n    exit 1\nfi\n# This output is used by Xcode 'outputs' to avoid re-running this script phase.\necho \"SUCCESS\" > \"${SCRIPT_OUTPUT_FILE_0}\"\n";
			showEnvVarsInLog = 0;
		};
		FCDED0AA7CF0BE14F0277DB3 /* [CP] Check Pods Manifest.lock */ = {
			isa = PBXShellScriptBuildPhase;
			buildActionMask = 2147483647;
			files = (
			);
			inputFileListPaths = (
			);
			inputPaths = (
				"${PODS_PODFILE_DIR_PATH}/Podfile.lock",
				"${PODS_ROOT}/Manifest.lock",
			);
			name = "[CP] Check Pods Manifest.lock";
			outputFileListPaths = (
			);
			outputPaths = (
				"$(DERIVED_FILE_DIR)/Pods-meli assesment-checkManifestLockResult.txt",
			);
			runOnlyForDeploymentPostprocessing = 0;
			shellPath = /bin/sh;
			shellScript = "diff \"${PODS_PODFILE_DIR_PATH}/Podfile.lock\" \"${PODS_ROOT}/Manifest.lock\" > /dev/null\nif [ $? != 0 ] ; then\n    # print error to STDERR\n    echo \"error: The sandbox is not in sync with the Podfile.lock. Run 'pod install' or update your CocoaPods installation.\" >&2\n    exit 1\nfi\n# This output is used by Xcode 'outputs' to avoid re-running this script phase.\necho \"SUCCESS\" > \"${SCRIPT_OUTPUT_FILE_0}\"\n";
			showEnvVarsInLog = 0;
		};
/* End PBXShellScriptBuildPhase section */

/* Begin PBXSourcesBuildPhase section */
		581B7392261E42B600F37C79 /* Sources */ = {
			isa = PBXSourcesBuildPhase;
			buildActionMask = 2147483647;
			files = (
				581B7402261E8CD000F37C79 /* ProductResponse.swift in Sources */,
				58646651264C8FAA00CA1662 /* CustomUIViewProtocol.swift in Sources */,
				581B73E1261E581B00F37C79 /* ProductListVC.swift in Sources */,
				58D9710326248C5E00093B97 /* PricesList.swift in Sources */,
				58646643264C370100CA1662 /* ProductIpadCollectionViewCell.swift in Sources */,
				581B73E8261E584500F37C79 /* Networking.swift in Sources */,
				58D971252624A1EF00093B97 /* ProductPriceType.swift in Sources */,
				58D9729C262557EE00093B97 /* AccesibilityIds.swift in Sources */,
				581B739E261E42B600F37C79 /* ViewController.swift in Sources */,
				58D9712A2624A8AD00093B97 /* ShippingMethod.swift in Sources */,
				58D9712026249ADF00093B97 /* PriceFormaterUtils.swift in Sources */,
				58D9712F2624AE2400093B97 /* ProductDescription.swift in Sources */,
				586DDEC4262109ED000C9F9F /* ProductCellView.swift in Sources */,
				586E0CDF261F840D000769CE /* LogUtils.swift in Sources */,
				581C8E3C26223521004D6968 /* ProductListPresenter.swift in Sources */,
				581B73F7261E85AC00F37C79 /* ProductsServices.swift in Sources */,
				58646654264C905200CA1662 /* NoResultView.swift in Sources */,
				58D9710826248CCA00093B97 /* SinglePrice.swift in Sources */,
				584587BA2623E1550084E6CE /* ProductVC.swift in Sources */,
				58080657262357AD00CF3455 /* SearchController.swift in Sources */,
				581C8E4126225261004D6968 /* ListViewStateType.swift in Sources */,
				58641B272645AC7100B964CE /* ProductListIpadVC.swift in Sources */,
				58D971182624967D00093B97 /* ProductPresenter.swift in Sources */,
				58641B2A2645ACD600B964CE /* ProductListViewProtocol.swift in Sources */,
				58646646264C51DF00CA1662 /* ProductViewProtocol.swift in Sources */,
				581B739A261E42B600F37C79 /* AppDelegate.swift in Sources */,
				5864664D264C78F600CA1662 /* EmptyView.swift in Sources */,
				58646658264C92F000CA1662 /* ActivityIndicatorView.swift in Sources */,
				581B739C261E42B600F37C79 /* SceneDelegate.swift in Sources */,
				58D972132624EE5300093B97 /* String+Localized.swift in Sources */,
				58D972182624EF8300093B97 /* Localized.swift in Sources */,
				581B73FD261E865000F37C79 /* Product.swift in Sources */,
			);
			runOnlyForDeploymentPostprocessing = 0;
		};
		581B73A8261E42BA00F37C79 /* Sources */ = {
			isa = PBXSourcesBuildPhase;
			buildActionMask = 2147483647;
			files = (
				58D9721D2624F72300093B97 /* PriceFormatterUtilsTests.swift in Sources */,
				58D97266262511DC00093B97 /* ProductViewMock.swift in Sources */,
				583EAE142620988A00E66C2A /* ProductServicesTests.swift in Sources */,
				58445190261FBDB10054380D /* NetworkingTests.swift in Sources */,
				58641B242645A73E00B964CE /* ProductListPresenterTests.swift in Sources */,
				58EFEB7E26227694003D4629 /* ProductsServicesMock.swift in Sources */,
				58D972402624FFE300093B97 /* ProductPresenterTests.swift in Sources */,
				58EFEB86262276BA003D4629 /* ProductListViewMock.swift in Sources */,
				5870CE0726434BEC00CA2DCF /* ProductIpadVCTests.swift in Sources */,
				58D97261262511B700093B97 /* PriceFormaterStub.swift in Sources */,
			);
			runOnlyForDeploymentPostprocessing = 0;
		};
		581B73B3261E42BA00F37C79 /* Sources */ = {
			isa = PBXSourcesBuildPhase;
			buildActionMask = 2147483647;
			files = (
				581B73BC261E42BA00F37C79 /* meli_assesmentUITests.swift in Sources */,
				58D972A02625598900093B97 /* AccesibilityIds.swift in Sources */,
			);
			runOnlyForDeploymentPostprocessing = 0;
		};
/* End PBXSourcesBuildPhase section */

/* Begin PBXTargetDependency section */
		581B73AE261E42BA00F37C79 /* PBXTargetDependency */ = {
			isa = PBXTargetDependency;
			target = 581B7395261E42B600F37C79 /* meli assesment */;
			targetProxy = 581B73AD261E42BA00F37C79 /* PBXContainerItemProxy */;
		};
		581B73B9261E42BA00F37C79 /* PBXTargetDependency */ = {
			isa = PBXTargetDependency;
			target = 581B7395261E42B600F37C79 /* meli assesment */;
			targetProxy = 581B73B8261E42BA00F37C79 /* PBXContainerItemProxy */;
		};
/* End PBXTargetDependency section */

/* Begin PBXVariantGroup section */
		581B73A4261E42BA00F37C79 /* LaunchScreen.storyboard */ = {
			isa = PBXVariantGroup;
			children = (
				581B73A5261E42BA00F37C79 /* Base */,
			);
			name = LaunchScreen.storyboard;
			sourceTree = "<group>";
		};
		58D9720B2624EDEA00093B97 /* Localizable.strings */ = {
			isa = PBXVariantGroup;
			children = (
				58D9720A2624EDEA00093B97 /* en */,
			);
			name = Localizable.strings;
			sourceTree = "<group>";
		};
/* End PBXVariantGroup section */

/* Begin XCBuildConfiguration section */
		581B73BE261E42BA00F37C79 /* Debug */ = {
			isa = XCBuildConfiguration;
			buildSettings = {
				ALWAYS_SEARCH_USER_PATHS = NO;
				CLANG_ANALYZER_NONNULL = YES;
				CLANG_ANALYZER_NUMBER_OBJECT_CONVERSION = YES_AGGRESSIVE;
				CLANG_CXX_LANGUAGE_STANDARD = "gnu++14";
				CLANG_CXX_LIBRARY = "libc++";
				CLANG_ENABLE_MODULES = YES;
				CLANG_ENABLE_OBJC_ARC = YES;
				CLANG_ENABLE_OBJC_WEAK = YES;
				CLANG_WARN_BLOCK_CAPTURE_AUTORELEASING = YES;
				CLANG_WARN_BOOL_CONVERSION = YES;
				CLANG_WARN_COMMA = YES;
				CLANG_WARN_CONSTANT_CONVERSION = YES;
				CLANG_WARN_DEPRECATED_OBJC_IMPLEMENTATIONS = YES;
				CLANG_WARN_DIRECT_OBJC_ISA_USAGE = YES_ERROR;
				CLANG_WARN_DOCUMENTATION_COMMENTS = YES;
				CLANG_WARN_EMPTY_BODY = YES;
				CLANG_WARN_ENUM_CONVERSION = YES;
				CLANG_WARN_INFINITE_RECURSION = YES;
				CLANG_WARN_INT_CONVERSION = YES;
				CLANG_WARN_NON_LITERAL_NULL_CONVERSION = YES;
				CLANG_WARN_OBJC_IMPLICIT_RETAIN_SELF = YES;
				CLANG_WARN_OBJC_LITERAL_CONVERSION = YES;
				CLANG_WARN_OBJC_ROOT_CLASS = YES_ERROR;
				CLANG_WARN_QUOTED_INCLUDE_IN_FRAMEWORK_HEADER = YES;
				CLANG_WARN_RANGE_LOOP_ANALYSIS = YES;
				CLANG_WARN_STRICT_PROTOTYPES = YES;
				CLANG_WARN_SUSPICIOUS_MOVE = YES;
				CLANG_WARN_UNGUARDED_AVAILABILITY = YES_AGGRESSIVE;
				CLANG_WARN_UNREACHABLE_CODE = YES;
				CLANG_WARN__DUPLICATE_METHOD_MATCH = YES;
				COPY_PHASE_STRIP = NO;
				DEBUG_INFORMATION_FORMAT = dwarf;
				ENABLE_STRICT_OBJC_MSGSEND = YES;
				ENABLE_TESTABILITY = YES;
				GCC_C_LANGUAGE_STANDARD = gnu11;
				GCC_DYNAMIC_NO_PIC = NO;
				GCC_NO_COMMON_BLOCKS = YES;
				GCC_OPTIMIZATION_LEVEL = 0;
				GCC_PREPROCESSOR_DEFINITIONS = (
					"DEBUG=1",
					"$(inherited)",
				);
				GCC_WARN_64_TO_32_BIT_CONVERSION = YES;
				GCC_WARN_ABOUT_RETURN_TYPE = YES_ERROR;
				GCC_WARN_UNDECLARED_SELECTOR = YES;
				GCC_WARN_UNINITIALIZED_AUTOS = YES_AGGRESSIVE;
				GCC_WARN_UNUSED_FUNCTION = YES;
				GCC_WARN_UNUSED_VARIABLE = YES;
				IPHONEOS_DEPLOYMENT_TARGET = 11.4;
				MTL_ENABLE_DEBUG_INFO = INCLUDE_SOURCE;
				MTL_FAST_MATH = YES;
				ONLY_ACTIVE_ARCH = YES;
				SDKROOT = iphoneos;
				SWIFT_ACTIVE_COMPILATION_CONDITIONS = DEBUG;
				SWIFT_OPTIMIZATION_LEVEL = "-Onone";
			};
			name = Debug;
		};
		581B73BF261E42BA00F37C79 /* Release */ = {
			isa = XCBuildConfiguration;
			buildSettings = {
				ALWAYS_SEARCH_USER_PATHS = NO;
				CLANG_ANALYZER_NONNULL = YES;
				CLANG_ANALYZER_NUMBER_OBJECT_CONVERSION = YES_AGGRESSIVE;
				CLANG_CXX_LANGUAGE_STANDARD = "gnu++14";
				CLANG_CXX_LIBRARY = "libc++";
				CLANG_ENABLE_MODULES = YES;
				CLANG_ENABLE_OBJC_ARC = YES;
				CLANG_ENABLE_OBJC_WEAK = YES;
				CLANG_WARN_BLOCK_CAPTURE_AUTORELEASING = YES;
				CLANG_WARN_BOOL_CONVERSION = YES;
				CLANG_WARN_COMMA = YES;
				CLANG_WARN_CONSTANT_CONVERSION = YES;
				CLANG_WARN_DEPRECATED_OBJC_IMPLEMENTATIONS = YES;
				CLANG_WARN_DIRECT_OBJC_ISA_USAGE = YES_ERROR;
				CLANG_WARN_DOCUMENTATION_COMMENTS = YES;
				CLANG_WARN_EMPTY_BODY = YES;
				CLANG_WARN_ENUM_CONVERSION = YES;
				CLANG_WARN_INFINITE_RECURSION = YES;
				CLANG_WARN_INT_CONVERSION = YES;
				CLANG_WARN_NON_LITERAL_NULL_CONVERSION = YES;
				CLANG_WARN_OBJC_IMPLICIT_RETAIN_SELF = YES;
				CLANG_WARN_OBJC_LITERAL_CONVERSION = YES;
				CLANG_WARN_OBJC_ROOT_CLASS = YES_ERROR;
				CLANG_WARN_QUOTED_INCLUDE_IN_FRAMEWORK_HEADER = YES;
				CLANG_WARN_RANGE_LOOP_ANALYSIS = YES;
				CLANG_WARN_STRICT_PROTOTYPES = YES;
				CLANG_WARN_SUSPICIOUS_MOVE = YES;
				CLANG_WARN_UNGUARDED_AVAILABILITY = YES_AGGRESSIVE;
				CLANG_WARN_UNREACHABLE_CODE = YES;
				CLANG_WARN__DUPLICATE_METHOD_MATCH = YES;
				COPY_PHASE_STRIP = NO;
				DEBUG_INFORMATION_FORMAT = "dwarf-with-dsym";
				ENABLE_NS_ASSERTIONS = NO;
				ENABLE_STRICT_OBJC_MSGSEND = YES;
				GCC_C_LANGUAGE_STANDARD = gnu11;
				GCC_NO_COMMON_BLOCKS = YES;
				GCC_WARN_64_TO_32_BIT_CONVERSION = YES;
				GCC_WARN_ABOUT_RETURN_TYPE = YES_ERROR;
				GCC_WARN_UNDECLARED_SELECTOR = YES;
				GCC_WARN_UNINITIALIZED_AUTOS = YES_AGGRESSIVE;
				GCC_WARN_UNUSED_FUNCTION = YES;
				GCC_WARN_UNUSED_VARIABLE = YES;
				IPHONEOS_DEPLOYMENT_TARGET = 11.4;
				MTL_ENABLE_DEBUG_INFO = NO;
				MTL_FAST_MATH = YES;
				SDKROOT = iphoneos;
				SWIFT_COMPILATION_MODE = wholemodule;
				SWIFT_OPTIMIZATION_LEVEL = "-O";
				VALIDATE_PRODUCT = YES;
			};
			name = Release;
		};
		581B73C1261E42BA00F37C79 /* Debug */ = {
			isa = XCBuildConfiguration;
			baseConfigurationReference = F0FE409A312C9B444F44303A /* Pods-meli assesment.debug.xcconfig */;
			buildSettings = {
				ASSETCATALOG_COMPILER_APPICON_NAME = AppIcon;
				ASSETCATALOG_COMPILER_GLOBAL_ACCENT_COLOR_NAME = AccentColor;
				CODE_SIGN_IDENTITY = "Apple Development";
				CODE_SIGN_STYLE = Automatic;
				DEBUG_INFORMATION_FORMAT = "dwarf-with-dsym";
				DEVELOPMENT_TEAM = "";
				INFOPLIST_FILE = "meli assesment/Info.plist";
				IPHONEOS_DEPLOYMENT_TARGET = 11.4;
				LD_RUNPATH_SEARCH_PATHS = (
					"$(inherited)",
					"@executable_path/Frameworks",
				);
				PRODUCT_BUNDLE_IDENTIFIER = "sgelves.meli-assesment";
				PRODUCT_NAME = "$(TARGET_NAME)";
				PROVISIONING_PROFILE_SPECIFIER = "";
				SWIFT_VERSION = 5.0;
				TARGETED_DEVICE_FAMILY = "1,2";
			};
			name = Debug;
		};
		581B73C2261E42BA00F37C79 /* Release */ = {
			isa = XCBuildConfiguration;
			baseConfigurationReference = 3B5BF9C967F56DB4AFA8C777 /* Pods-meli assesment.release.xcconfig */;
			buildSettings = {
				ASSETCATALOG_COMPILER_APPICON_NAME = AppIcon;
				ASSETCATALOG_COMPILER_GLOBAL_ACCENT_COLOR_NAME = AccentColor;
				CODE_SIGN_IDENTITY = "Apple Development";
				CODE_SIGN_STYLE = Automatic;
				DEVELOPMENT_TEAM = "";
				INFOPLIST_FILE = "meli assesment/Info.plist";
				IPHONEOS_DEPLOYMENT_TARGET = 11.4;
				LD_RUNPATH_SEARCH_PATHS = (
					"$(inherited)",
					"@executable_path/Frameworks",
				);
				PRODUCT_BUNDLE_IDENTIFIER = "sgelves.meli-assesment";
				PRODUCT_NAME = "$(TARGET_NAME)";
				PROVISIONING_PROFILE_SPECIFIER = "";
				SWIFT_VERSION = 5.0;
				TARGETED_DEVICE_FAMILY = "1,2";
			};
			name = Release;
		};
		581B73C4261E42BA00F37C79 /* Debug */ = {
			isa = XCBuildConfiguration;
			baseConfigurationReference = E9F14AFF8E67499DD68E11F6 /* Pods-meli assesmentTests.debug.xcconfig */;
			buildSettings = {
				ALWAYS_EMBED_SWIFT_STANDARD_LIBRARIES = YES;
				BUNDLE_LOADER = "$(TEST_HOST)";
				CODE_SIGN_STYLE = Automatic;
				DEVELOPMENT_TEAM = H9K52DH825;
				INFOPLIST_FILE = "meli assesmentTests/Info.plist";
				IPHONEOS_DEPLOYMENT_TARGET = 14.4;
				LD_RUNPATH_SEARCH_PATHS = (
					"$(inherited)",
					"@executable_path/Frameworks",
					"@loader_path/Frameworks",
				);
				PRODUCT_BUNDLE_IDENTIFIER = "sgelves.meli-assesmentTests";
				PRODUCT_NAME = "$(TARGET_NAME)";
				SWIFT_VERSION = 5.0;
				TARGETED_DEVICE_FAMILY = "1,2";
				TEST_HOST = "$(BUILT_PRODUCTS_DIR)/meli assesment.app/meli assesment";
			};
			name = Debug;
		};
		581B73C5261E42BA00F37C79 /* Release */ = {
			isa = XCBuildConfiguration;
			baseConfigurationReference = 84E13B0F1739222263B2817E /* Pods-meli assesmentTests.release.xcconfig */;
			buildSettings = {
				ALWAYS_EMBED_SWIFT_STANDARD_LIBRARIES = YES;
				BUNDLE_LOADER = "$(TEST_HOST)";
				CODE_SIGN_STYLE = Automatic;
				DEVELOPMENT_TEAM = H9K52DH825;
				INFOPLIST_FILE = "meli assesmentTests/Info.plist";
				IPHONEOS_DEPLOYMENT_TARGET = 14.4;
				LD_RUNPATH_SEARCH_PATHS = (
					"$(inherited)",
					"@executable_path/Frameworks",
					"@loader_path/Frameworks",
				);
				PRODUCT_BUNDLE_IDENTIFIER = "sgelves.meli-assesmentTests";
				PRODUCT_NAME = "$(TARGET_NAME)";
				SWIFT_VERSION = 5.0;
				TARGETED_DEVICE_FAMILY = "1,2";
				TEST_HOST = "$(BUILT_PRODUCTS_DIR)/meli assesment.app/meli assesment";
			};
			name = Release;
		};
		581B73C7261E42BA00F37C79 /* Debug */ = {
			isa = XCBuildConfiguration;
			baseConfigurationReference = DBFEEAB74CC5D516D71863BD /* Pods-meli assesmentUITests.debug.xcconfig */;
			buildSettings = {
				ALWAYS_EMBED_SWIFT_STANDARD_LIBRARIES = YES;
				CODE_SIGN_STYLE = Automatic;
				DEVELOPMENT_TEAM = H9K52DH825;
				INFOPLIST_FILE = "meli assesmentUITests/Info.plist";
				LD_RUNPATH_SEARCH_PATHS = (
					"$(inherited)",
					"@executable_path/Frameworks",
					"@loader_path/Frameworks",
				);
				PRODUCT_BUNDLE_IDENTIFIER = "sgelves.meli-assesmentUITests";
				PRODUCT_NAME = "$(TARGET_NAME)";
				SWIFT_VERSION = 5.0;
				TARGETED_DEVICE_FAMILY = "1,2";
				TEST_TARGET_NAME = "meli assesment";
			};
			name = Debug;
		};
		581B73C8261E42BA00F37C79 /* Release */ = {
			isa = XCBuildConfiguration;
			baseConfigurationReference = 9DD8E1EA3BA5F217BB0CF609 /* Pods-meli assesmentUITests.release.xcconfig */;
			buildSettings = {
				ALWAYS_EMBED_SWIFT_STANDARD_LIBRARIES = YES;
				CODE_SIGN_STYLE = Automatic;
				DEVELOPMENT_TEAM = H9K52DH825;
				INFOPLIST_FILE = "meli assesmentUITests/Info.plist";
				LD_RUNPATH_SEARCH_PATHS = (
					"$(inherited)",
					"@executable_path/Frameworks",
					"@loader_path/Frameworks",
				);
				PRODUCT_BUNDLE_IDENTIFIER = "sgelves.meli-assesmentUITests";
				PRODUCT_NAME = "$(TARGET_NAME)";
				SWIFT_VERSION = 5.0;
				TARGETED_DEVICE_FAMILY = "1,2";
				TEST_TARGET_NAME = "meli assesment";
			};
			name = Release;
		};
/* End XCBuildConfiguration section */

/* Begin XCConfigurationList section */
		581B7391261E42B600F37C79 /* Build configuration list for PBXProject "meli assesment" */ = {
			isa = XCConfigurationList;
			buildConfigurations = (
				581B73BE261E42BA00F37C79 /* Debug */,
				581B73BF261E42BA00F37C79 /* Release */,
			);
			defaultConfigurationIsVisible = 0;
			defaultConfigurationName = Release;
		};
		581B73C0261E42BA00F37C79 /* Build configuration list for PBXNativeTarget "meli assesment" */ = {
			isa = XCConfigurationList;
			buildConfigurations = (
				581B73C1261E42BA00F37C79 /* Debug */,
				581B73C2261E42BA00F37C79 /* Release */,
			);
			defaultConfigurationIsVisible = 0;
			defaultConfigurationName = Release;
		};
		581B73C3261E42BA00F37C79 /* Build configuration list for PBXNativeTarget "meli assesmentTests" */ = {
			isa = XCConfigurationList;
			buildConfigurations = (
				581B73C4261E42BA00F37C79 /* Debug */,
				581B73C5261E42BA00F37C79 /* Release */,
			);
			defaultConfigurationIsVisible = 0;
			defaultConfigurationName = Release;
		};
		581B73C6261E42BA00F37C79 /* Build configuration list for PBXNativeTarget "meli assesmentUITests" */ = {
			isa = XCConfigurationList;
			buildConfigurations = (
				581B73C7261E42BA00F37C79 /* Debug */,
				581B73C8261E42BA00F37C79 /* Release */,
			);
			defaultConfigurationIsVisible = 0;
			defaultConfigurationName = Release;
		};
/* End XCConfigurationList section */
	};
	rootObject = 581B738E261E42B600F37C79 /* Project object */;
}
