// !$*UTF8*$!
{
	archiveVersion = 1;
	classes = {
	};
	objectVersion = 50;
	objects = {

/* Begin PBXBuildFile section */
		581B739A261E42B600F37C79 /* AppDelegate.swift in Sources */ = {isa = PBXBuildFile; fileRef = 581B7399261E42B600F37C79 /* AppDelegate.swift */; };
		581B739C261E42B600F37C79 /* SceneDelegate.swift in Sources */ = {isa = PBXBuildFile; fileRef = 581B739B261E42B600F37C79 /* SceneDelegate.swift */; };
		581B739E261E42B600F37C79 /* ViewController.swift in Sources */ = {isa = PBXBuildFile; fileRef = 581B739D261E42B600F37C79 /* ViewController.swift */; };
		581B73A1261E42B600F37C79 /* Main.storyboard in Resources */ = {isa = PBXBuildFile; fileRef = 581B739F261E42B600F37C79 /* Main.storyboard */; };
		581B73A3261E42BA00F37C79 /* Assets.xcassets in Resources */ = {isa = PBXBuildFile; fileRef = 581B73A2261E42BA00F37C79 /* Assets.xcassets */; };
		581B73A6261E42BA00F37C79 /* LaunchScreen.storyboard in Resources */ = {isa = PBXBuildFile; fileRef = 581B73A4261E42BA00F37C79 /* LaunchScreen.storyboard */; };
		581B73B1261E42BA00F37C79 /* meli_assesmentTests.swift in Sources */ = {isa = PBXBuildFile; fileRef = 581B73B0261E42BA00F37C79 /* meli_assesmentTests.swift */; };
		581B73BC261E42BA00F37C79 /* meli_assesmentUITests.swift in Sources */ = {isa = PBXBuildFile; fileRef = 581B73BB261E42BA00F37C79 /* meli_assesmentUITests.swift */; };
/* End PBXBuildFile section */

/* Begin PBXContainerItemProxy section */
		581B73AD261E42BA00F37C79 /* PBXContainerItemProxy */ = {
			isa = PBXContainerItemProxy;
			containerPortal = 581B738E261E42B600F37C79 /* Project object */;
			proxyType = 1;
			remoteGlobalIDString = 581B7395261E42B600F37C79;
			remoteInfo = "meli assesment";
		};
		581B73B8261E42BA00F37C79 /* PBXContainerItemProxy */ = {
			isa = PBXContainerItemProxy;
			containerPortal = 581B738E261E42B600F37C79 /* Project object */;
			proxyType = 1;
			remoteGlobalIDString = 581B7395261E42B600F37C79;
			remoteInfo = "meli assesment";
		};
/* End PBXContainerItemProxy section */

/* Begin PBXFileReference section */
		581B7396261E42B600F37C79 /* meli assesment.app */ = {isa = PBXFileReference; explicitFileType = wrapper.application; includeInIndex = 0; path = "meli assesment.app"; sourceTree = BUILT_PRODUCTS_DIR; };
		581B7399261E42B600F37C79 /* AppDelegate.swift */ = {isa = PBXFileReference; lastKnownFileType = sourcecode.swift; path = AppDelegate.swift; sourceTree = "<group>"; };
		581B739B261E42B600F37C79 /* SceneDelegate.swift */ = {isa = PBXFileReference; lastKnownFileType = sourcecode.swift; path = SceneDelegate.swift; sourceTree = "<group>"; };
		581B739D261E42B600F37C79 /* ViewController.swift */ = {isa = PBXFileReference; lastKnownFileType = sourcecode.swift; path = ViewController.swift; sourceTree = "<group>"; };
		581B73A0261E42B600F37C79 /* Base */ = {isa = PBXFileReference; lastKnownFileType = file.storyboard; name = Base; path = Base.lproj/Main.storyboard; sourceTree = "<group>"; };
		581B73A2261E42BA00F37C79 /* Assets.xcassets */ = {isa = PBXFileReference; lastKnownFileType = folder.assetcatalog; path = Assets.xcassets; sourceTree = "<group>"; };
		581B73A5261E42BA00F37C79 /* Base */ = {isa = PBXFileReference; lastKnownFileType = file.storyboard; name = Base; path = Base.lproj/LaunchScreen.storyboard; sourceTree = "<group>"; };
		581B73A7261E42BA00F37C79 /* Info.plist */ = {isa = PBXFileReference; lastKnownFileType = text.plist.xml; path = Info.plist; sourceTree = "<group>"; };
		581B73AC261E42BA00F37C79 /* meli assesmentTests.xctest */ = {isa = PBXFileReference; explicitFileType = wrapper.cfbundle; includeInIndex = 0; path = "meli assesmentTests.xctest"; sourceTree = BUILT_PRODUCTS_DIR; };
		581B73B0261E42BA00F37C79 /* meli_assesmentTests.swift */ = {isa = PBXFileReference; lastKnownFileType = sourcecode.swift; path = meli_assesmentTests.swift; sourceTree = "<group>"; };
		581B73B2261E42BA00F37C79 /* Info.plist */ = {isa = PBXFileReference; lastKnownFileType = text.plist.xml; path = Info.plist; sourceTree = "<group>"; };
		581B73B7261E42BA00F37C79 /* meli assesmentUITests.xctest */ = {isa = PBXFileReference; explicitFileType = wrapper.cfbundle; includeInIndex = 0; path = "meli assesmentUITests.xctest"; sourceTree = BUILT_PRODUCTS_DIR; };
		581B73BB261E42BA00F37C79 /* meli_assesmentUITests.swift */ = {isa = PBXFileReference; lastKnownFileType = sourcecode.swift; path = meli_assesmentUITests.swift; sourceTree = "<group>"; };
		581B73BD261E42BA00F37C79 /* Info.plist */ = {isa = PBXFileReference; lastKnownFileType = text.plist.xml; path = Info.plist; sourceTree = "<group>"; };
/* End PBXFileReference section */

/* Begin PBXFrameworksBuildPhase section */
		581B7393261E42B600F37C79 /* Frameworks */ = {
			isa = PBXFrameworksBuildPhase;
			buildActionMask = 2147483647;
			files = (
			);
			runOnlyForDeploymentPostprocessing = 0;
		};
		581B73A9261E42BA00F37C79 /* Frameworks */ = {
			isa = PBXFrameworksBuildPhase;
			buildActionMask = 2147483647;
			files = (
			);
			runOnlyForDeploymentPostprocessing = 0;
		};
		581B73B4261E42BA00F37C79 /* Frameworks */ = {
			isa = PBXFrameworksBuildPhase;
			buildActionMask = 2147483647;
			files = (
			);
			runOnlyForDeploymentPostprocessing = 0;
		};
/* End PBXFrameworksBuildPhase section */

/* Begin PBXGroup section */
		581B738D261E42B600F37C79 = {
			isa = PBXGroup;
			children = (
				581B7398261E42B600F37C79 /* meli assesment */,
				581B73AF261E42BA00F37C79 /* meli assesmentTests */,
				581B73BA261E42BA00F37C79 /* meli assesmentUITests */,
				581B7397261E42B600F37C79 /* Products */,
			);
			sourceTree = "<group>";
		};
		581B7397261E42B600F37C79 /* Products */ = {
			isa = PBXGroup;
			children = (
				581B7396261E42B600F37C79 /* meli assesment.app */,
				581B73AC261E42BA00F37C79 /* meli assesmentTests.xctest */,
				581B73B7261E42BA00F37C79 /* meli assesmentUITests.xctest */,
			);
			name = Products;
			sourceTree = "<group>";
		};
		581B7398261E42B600F37C79 /* meli assesment */ = {
			isa = PBXGroup;
			children = (
				581B7399261E42B600F37C79 /* AppDelegate.swift */,
				581B739B261E42B600F37C79 /* SceneDelegate.swift */,
				581B739D261E42B600F37C79 /* ViewController.swift */,
				581B739F261E42B600F37C79 /* Main.storyboard */,
				581B73A2261E42BA00F37C79 /* Assets.xcassets */,
				581B73A4261E42BA00F37C79 /* LaunchScreen.storyboard */,
				581B73A7261E42BA00F37C79 /* Info.plist */,
			);
			path = "meli assesment";
			sourceTree = "<group>";
		};
		581B73AF261E42BA00F37C79 /* meli assesmentTests */ = {
			isa = PBXGroup;
			children = (
				581B73B0261E42BA00F37C79 /* meli_assesmentTests.swift */,
				581B73B2261E42BA00F37C79 /* Info.plist */,
			);
			path = "meli assesmentTests";
			sourceTree = "<group>";
		};
		581B73BA261E42BA00F37C79 /* meli assesmentUITests */ = {
			isa = PBXGroup;
			children = (
				581B73BB261E42BA00F37C79 /* meli_assesmentUITests.swift */,
				581B73BD261E42BA00F37C79 /* Info.plist */,
			);
			path = "meli assesmentUITests";
			sourceTree = "<group>";
		};
/* End PBXGroup section */

/* Begin PBXNativeTarget section */
		581B7395261E42B600F37C79 /* meli assesment */ = {
			isa = PBXNativeTarget;
			buildConfigurationList = 581B73C0261E42BA00F37C79 /* Build configuration list for PBXNativeTarget "meli assesment" */;
			buildPhases = (
				581B7392261E42B600F37C79 /* Sources */,
				581B7393261E42B600F37C79 /* Frameworks */,
				581B7394261E42B600F37C79 /* Resources */,
			);
			buildRules = (
			);
			dependencies = (
			);
			name = "meli assesment";
			productName = "meli assesment";
			productReference = 581B7396261E42B600F37C79 /* meli assesment.app */;
			productType = "com.apple.product-type.application";
		};
		581B73AB261E42BA00F37C79 /* meli assesmentTests */ = {
			isa = PBXNativeTarget;
			buildConfigurationList = 581B73C3261E42BA00F37C79 /* Build configuration list for PBXNativeTarget "meli assesmentTests" */;
			buildPhases = (
				581B73A8261E42BA00F37C79 /* Sources */,
				581B73A9261E42BA00F37C79 /* Frameworks */,
				581B73AA261E42BA00F37C79 /* Resources */,
			);
			buildRules = (
			);
			dependencies = (
				581B73AE261E42BA00F37C79 /* PBXTargetDependency */,
			);
			name = "meli assesmentTests";
			productName = "meli assesmentTests";
			productReference = 581B73AC261E42BA00F37C79 /* meli assesmentTests.xctest */;
			productType = "com.apple.product-type.bundle.unit-test";
		};
		581B73B6261E42BA00F37C79 /* meli assesmentUITests */ = {
			isa = PBXNativeTarget;
			buildConfigurationList = 581B73C6261E42BA00F37C79 /* Build configuration list for PBXNativeTarget "meli assesmentUITests" */;
			buildPhases = (
				581B73B3261E42BA00F37C79 /* Sources */,
				581B73B4261E42BA00F37C79 /* Frameworks */,
				581B73B5261E42BA00F37C79 /* Resources */,
			);
			buildRules = (
			);
			dependencies = (
				581B73B9261E42BA00F37C79 /* PBXTargetDependency */,
			);
			name = "meli assesmentUITests";
			productName = "meli assesmentUITests";
			productReference = 581B73B7261E42BA00F37C79 /* meli assesmentUITests.xctest */;
			productType = "com.apple.product-type.bundle.ui-testing";
		};
/* End PBXNativeTarget section */

/* Begin PBXProject section */
		581B738E261E42B600F37C79 /* Project object */ = {
			isa = PBXProject;
			attributes = {
				LastSwiftUpdateCheck = 1240;
				LastUpgradeCheck = 1240;
				TargetAttributes = {
					581B7395261E42B600F37C79 = {
						CreatedOnToolsVersion = 12.4;
					};
					581B73AB261E42BA00F37C79 = {
						CreatedOnToolsVersion = 12.4;
						TestTargetID = 581B7395261E42B600F37C79;
					};
					581B73B6261E42BA00F37C79 = {
						CreatedOnToolsVersion = 12.4;
						TestTargetID = 581B7395261E42B600F37C79;
					};
				};
			};
			buildConfigurationList = 581B7391261E42B600F37C79 /* Build configuration list for PBXProject "meli assesment" */;
			compatibilityVersion = "Xcode 9.3";
			developmentRegion = en;
			hasScannedForEncodings = 0;
			knownRegions = (
				en,
				Base,
			);
			mainGroup = 581B738D261E42B600F37C79;
			productRefGroup = 581B7397261E42B600F37C79 /* Products */;
			projectDirPath = "";
			projectRoot = "";
			targets = (
				581B7395261E42B600F37C79 /* meli assesment */,
				581B73AB261E42BA00F37C79 /* meli assesmentTests */,
				581B73B6261E42BA00F37C79 /* meli assesmentUITests */,
			);
		};
/* End PBXProject section */

/* Begin PBXResourcesBuildPhase section */
		581B7394261E42B600F37C79 /* Resources */ = {
			isa = PBXResourcesBuildPhase;
			buildActionMask = 2147483647;
			files = (
				581B73A6261E42BA00F37C79 /* LaunchScreen.storyboard in Resources */,
				581B73A3261E42BA00F37C79 /* Assets.xcassets in Resources */,
				581B73A1261E42B600F37C79 /* Main.storyboard in Resources */,
			);
			runOnlyForDeploymentPostprocessing = 0;
		};
		581B73AA261E42BA00F37C79 /* Resources */ = {
			isa = PBXResourcesBuildPhase;
			buildActionMask = 2147483647;
			files = (
			);
			runOnlyForDeploymentPostprocessing = 0;
		};
		581B73B5261E42BA00F37C79 /* Resources */ = {
			isa = PBXResourcesBuildPhase;
			buildActionMask = 2147483647;
			files = (
			);
			runOnlyForDeploymentPostprocessing = 0;
		};
/* End PBXResourcesBuildPhase section */

/* Begin PBXSourcesBuildPhase section */
		581B7392261E42B600F37C79 /* Sources */ = {
			isa = PBXSourcesBuildPhase;
			buildActionMask = 2147483647;
			files = (
				581B739E261E42B600F37C79 /* ViewController.swift in Sources */,
				581B739A261E42B600F37C79 /* AppDelegate.swift in Sources */,
				581B739C261E42B600F37C79 /* SceneDelegate.swift in Sources */,
			);
			runOnlyForDeploymentPostprocessing = 0;
		};
		581B73A8261E42BA00F37C79 /* Sources */ = {
			isa = PBXSourcesBuildPhase;
			buildActionMask = 2147483647;
			files = (
				581B73B1261E42BA00F37C79 /* meli_assesmentTests.swift in Sources */,
			);
			runOnlyForDeploymentPostprocessing = 0;
		};
		581B73B3261E42BA00F37C79 /* Sources */ = {
			isa = PBXSourcesBuildPhase;
			buildActionMask = 2147483647;
			files = (
				581B73BC261E42BA00F37C79 /* meli_assesmentUITests.swift in Sources */,
			);
			runOnlyForDeploymentPostprocessing = 0;
		};
/* End PBXSourcesBuildPhase section */

/* Begin PBXTargetDependency section */
		581B73AE261E42BA00F37C79 /* PBXTargetDependency */ = {
			isa = PBXTargetDependency;
			target = 581B7395261E42B600F37C79 /* meli assesment */;
			targetProxy = 581B73AD261E42BA00F37C79 /* PBXContainerItemProxy */;
		};
		581B73B9261E42BA00F37C79 /* PBXTargetDependency */ = {
			isa = PBXTargetDependency;
			target = 581B7395261E42B600F37C79 /* meli assesment */;
			targetProxy = 581B73B8261E42BA00F37C79 /* PBXContainerItemProxy */;
		};
/* End PBXTargetDependency section */

/* Begin PBXVariantGroup section */
		581B739F261E42B600F37C79 /* Main.storyboard */ = {
			isa = PBXVariantGroup;
			children = (
				581B73A0261E42B600F37C79 /* Base */,
			);
			name = Main.storyboard;
			sourceTree = "<group>";
		};
		581B73A4261E42BA00F37C79 /* LaunchScreen.storyboard */ = {
			isa = PBXVariantGroup;
			children = (
				581B73A5261E42BA00F37C79 /* Base */,
			);
			name = LaunchScreen.storyboard;
			sourceTree = "<group>";
		};
/* End PBXVariantGroup section */

/* Begin XCBuildConfiguration section */
		581B73BE261E42BA00F37C79 /* Debug */ = {
			isa = XCBuildConfiguration;
			buildSettings = {
				ALWAYS_SEARCH_USER_PATHS = NO;
				CLANG_ANALYZER_NONNULL = YES;
				CLANG_ANALYZER_NUMBER_OBJECT_CONVERSION = YES_AGGRESSIVE;
				CLANG_CXX_LANGUAGE_STANDARD = "gnu++14";
				CLANG_CXX_LIBRARY = "libc++";
				CLANG_ENABLE_MODULES = YES;
				CLANG_ENABLE_OBJC_ARC = YES;
				CLANG_ENABLE_OBJC_WEAK = YES;
				CLANG_WARN_BLOCK_CAPTURE_AUTORELEASING = YES;
				CLANG_WARN_BOOL_CONVERSION = YES;
				CLANG_WARN_COMMA = YES;
				CLANG_WARN_CONSTANT_CONVERSION = YES;
				CLANG_WARN_DEPRECATED_OBJC_IMPLEMENTATIONS = YES;
				CLANG_WARN_DIRECT_OBJC_ISA_USAGE = YES_ERROR;
				CLANG_WARN_DOCUMENTATION_COMMENTS = YES;
				CLANG_WARN_EMPTY_BODY = YES;
				CLANG_WARN_ENUM_CONVERSION = YES;
				CLANG_WARN_INFINITE_RECURSION = YES;
				CLANG_WARN_INT_CONVERSION = YES;
				CLANG_WARN_NON_LITERAL_NULL_CONVERSION = YES;
				CLANG_WARN_OBJC_IMPLICIT_RETAIN_SELF = YES;
				CLANG_WARN_OBJC_LITERAL_CONVERSION = YES;
				CLANG_WARN_OBJC_ROOT_CLASS = YES_ERROR;
				CLANG_WARN_QUOTED_INCLUDE_IN_FRAMEWORK_HEADER = YES;
				CLANG_WARN_RANGE_LOOP_ANALYSIS = YES;
				CLANG_WARN_STRICT_PROTOTYPES = YES;
				CLANG_WARN_SUSPICIOUS_MOVE = YES;
				CLANG_WARN_UNGUARDED_AVAILABILITY = YES_AGGRESSIVE;
				CLANG_WARN_UNREACHABLE_CODE = YES;
				CLANG_WARN__DUPLICATE_METHOD_MATCH = YES;
				COPY_PHASE_STRIP = NO;
				DEBUG_INFORMATION_FORMAT = dwarf;
				ENABLE_STRICT_OBJC_MSGSEND = YES;
				ENABLE_TESTABILITY = YES;
				GCC_C_LANGUAGE_STANDARD = gnu11;
				GCC_DYNAMIC_NO_PIC = NO;
				GCC_NO_COMMON_BLOCKS = YES;
				GCC_OPTIMIZATION_LEVEL = 0;
				GCC_PREPROCESSOR_DEFINITIONS = (
					"DEBUG=1",
					"$(inherited)",
				);
				GCC_WARN_64_TO_32_BIT_CONVERSION = YES;
				GCC_WARN_ABOUT_RETURN_TYPE = YES_ERROR;
				GCC_WARN_UNDECLARED_SELECTOR = YES;
				GCC_WARN_UNINITIALIZED_AUTOS = YES_AGGRESSIVE;
				GCC_WARN_UNUSED_FUNCTION = YES;
				GCC_WARN_UNUSED_VARIABLE = YES;
				IPHONEOS_DEPLOYMENT_TARGET = 14.4;
				MTL_ENABLE_DEBUG_INFO = INCLUDE_SOURCE;
				MTL_FAST_MATH = YES;
				ONLY_ACTIVE_ARCH = YES;
				SDKROOT = iphoneos;
				SWIFT_ACTIVE_COMPILATION_CONDITIONS = DEBUG;
				SWIFT_OPTIMIZATION_LEVEL = "-Onone";
			};
			name = Debug;
		};
		581B73BF261E42BA00F37C79 /* Release */ = {
			isa = XCBuildConfiguration;
			buildSettings = {
				ALWAYS_SEARCH_USER_PATHS = NO;
				CLANG_ANALYZER_NONNULL = YES;
				CLANG_ANALYZER_NUMBER_OBJECT_CONVERSION = YES_AGGRESSIVE;
				CLANG_CXX_LANGUAGE_STANDARD = "gnu++14";
				CLANG_CXX_LIBRARY = "libc++";
				CLANG_ENABLE_MODULES = YES;
				CLANG_ENABLE_OBJC_ARC = YES;
				CLANG_ENABLE_OBJC_WEAK = YES;
				CLANG_WARN_BLOCK_CAPTURE_AUTORELEASING = YES;
				CLANG_WARN_BOOL_CONVERSION = YES;
				CLANG_WARN_COMMA = YES;
				CLANG_WARN_CONSTANT_CONVERSION = YES;
				CLANG_WARN_DEPRECATED_OBJC_IMPLEMENTATIONS = YES;
				CLANG_WARN_DIRECT_OBJC_ISA_USAGE = YES_ERROR;
				CLANG_WARN_DOCUMENTATION_COMMENTS = YES;
				CLANG_WARN_EMPTY_BODY = YES;
				CLANG_WARN_ENUM_CONVERSION = YES;
				CLANG_WARN_INFINITE_RECURSION = YES;
				CLANG_WARN_INT_CONVERSION = YES;
				CLANG_WARN_NON_LITERAL_NULL_CONVERSION = YES;
				CLANG_WARN_OBJC_IMPLICIT_RETAIN_SELF = YES;
				CLANG_WARN_OBJC_LITERAL_CONVERSION = YES;
				CLANG_WARN_OBJC_ROOT_CLASS = YES_ERROR;
				CLANG_WARN_QUOTED_INCLUDE_IN_FRAMEWORK_HEADER = YES;
				CLANG_WARN_RANGE_LOOP_ANALYSIS = YES;
				CLANG_WARN_STRICT_PROTOTYPES = YES;
				CLANG_WARN_SUSPICIOUS_MOVE = YES;
				CLANG_WARN_UNGUARDED_AVAILABILITY = YES_AGGRESSIVE;
				CLANG_WARN_UNREACHABLE_CODE = YES;
				CLANG_WARN__DUPLICATE_METHOD_MATCH = YES;
				COPY_PHASE_STRIP = NO;
				DEBUG_INFORMATION_FORMAT = "dwarf-with-dsym";
				ENABLE_NS_ASSERTIONS = NO;
				ENABLE_STRICT_OBJC_MSGSEND = YES;
				GCC_C_LANGUAGE_STANDARD = gnu11;
				GCC_NO_COMMON_BLOCKS = YES;
				GCC_WARN_64_TO_32_BIT_CONVERSION = YES;
				GCC_WARN_ABOUT_RETURN_TYPE = YES_ERROR;
				GCC_WARN_UNDECLARED_SELECTOR = YES;
				GCC_WARN_UNINITIALIZED_AUTOS = YES_AGGRESSIVE;
				GCC_WARN_UNUSED_FUNCTION = YES;
				GCC_WARN_UNUSED_VARIABLE = YES;
				IPHONEOS_DEPLOYMENT_TARGET = 14.4;
				MTL_ENABLE_DEBUG_INFO = NO;
				MTL_FAST_MATH = YES;
				SDKROOT = iphoneos;
				SWIFT_COMPILATION_MODE = wholemodule;
				SWIFT_OPTIMIZATION_LEVEL = "-O";
				VALIDATE_PRODUCT = YES;
			};
			name = Release;
		};
		581B73C1261E42BA00F37C79 /* Debug */ = {
			isa = XCBuildConfiguration;
			buildSettings = {
				ASSETCATALOG_COMPILER_APPICON_NAME = AppIcon;
				ASSETCATALOG_COMPILER_GLOBAL_ACCENT_COLOR_NAME = AccentColor;
				CODE_SIGN_STYLE = Automatic;
				DEVELOPMENT_TEAM = H9K52DH825;
				INFOPLIST_FILE = "meli assesment/Info.plist";
				LD_RUNPATH_SEARCH_PATHS = (
					"$(inherited)",
					"@executable_path/Frameworks",
				);
				PRODUCT_BUNDLE_IDENTIFIER = "sgelves.meli-assesment";
				PRODUCT_NAME = "$(TARGET_NAME)";
				SWIFT_VERSION = 5.0;
				TARGETED_DEVICE_FAMILY = "1,2";
			};
			name = Debug;
		};
		581B73C2261E42BA00F37C79 /* Release */ = {
			isa = XCBuildConfiguration;
			buildSettings = {
				ASSETCATALOG_COMPILER_APPICON_NAME = AppIcon;
				ASSETCATALOG_COMPILER_GLOBAL_ACCENT_COLOR_NAME = AccentColor;
				CODE_SIGN_STYLE = Automatic;
				DEVELOPMENT_TEAM = H9K52DH825;
				INFOPLIST_FILE = "meli assesment/Info.plist";
				LD_RUNPATH_SEARCH_PATHS = (
					"$(inherited)",
					"@executable_path/Frameworks",
				);
				PRODUCT_BUNDLE_IDENTIFIER = "sgelves.meli-assesment";
				PRODUCT_NAME = "$(TARGET_NAME)";
				SWIFT_VERSION = 5.0;
				TARGETED_DEVICE_FAMILY = "1,2";
			};
			name = Release;
		};
		581B73C4261E42BA00F37C79 /* Debug */ = {
			isa = XCBuildConfiguration;
			buildSettings = {
				ALWAYS_EMBED_SWIFT_STANDARD_LIBRARIES = YES;
				BUNDLE_LOADER = "$(TEST_HOST)";
				CODE_SIGN_STYLE = Automatic;
				DEVELOPMENT_TEAM = H9K52DH825;
				INFOPLIST_FILE = "meli assesmentTests/Info.plist";
				IPHONEOS_DEPLOYMENT_TARGET = 14.4;
				LD_RUNPATH_SEARCH_PATHS = (
					"$(inherited)",
					"@executable_path/Frameworks",
					"@loader_path/Frameworks",
				);
				PRODUCT_BUNDLE_IDENTIFIER = "sgelves.meli-assesmentTests";
				PRODUCT_NAME = "$(TARGET_NAME)";
				SWIFT_VERSION = 5.0;
				TARGETED_DEVICE_FAMILY = "1,2";
				TEST_HOST = "$(BUILT_PRODUCTS_DIR)/meli assesment.app/meli assesment";
			};
			name = Debug;
		};
		581B73C5261E42BA00F37C79 /* Release */ = {
			isa = XCBuildConfiguration;
			buildSettings = {
				ALWAYS_EMBED_SWIFT_STANDARD_LIBRARIES = YES;
				BUNDLE_LOADER = "$(TEST_HOST)";
				CODE_SIGN_STYLE = Automatic;
				DEVELOPMENT_TEAM = H9K52DH825;
				INFOPLIST_FILE = "meli assesmentTests/Info.plist";
				IPHONEOS_DEPLOYMENT_TARGET = 14.4;
				LD_RUNPATH_SEARCH_PATHS = (
					"$(inherited)",
					"@executable_path/Frameworks",
					"@loader_path/Frameworks",
				);
				PRODUCT_BUNDLE_IDENTIFIER = "sgelves.meli-assesmentTests";
				PRODUCT_NAME = "$(TARGET_NAME)";
				SWIFT_VERSION = 5.0;
				TARGETED_DEVICE_FAMILY = "1,2";
				TEST_HOST = "$(BUILT_PRODUCTS_DIR)/meli assesment.app/meli assesment";
			};
			name = Release;
		};
		581B73C7261E42BA00F37C79 /* Debug */ = {
			isa = XCBuildConfiguration;
			buildSettings = {
				ALWAYS_EMBED_SWIFT_STANDARD_LIBRARIES = YES;
				CODE_SIGN_STYLE = Automatic;
				DEVELOPMENT_TEAM = H9K52DH825;
				INFOPLIST_FILE = "meli assesmentUITests/Info.plist";
				LD_RUNPATH_SEARCH_PATHS = (
					"$(inherited)",
					"@executable_path/Frameworks",
					"@loader_path/Frameworks",
				);
				PRODUCT_BUNDLE_IDENTIFIER = "sgelves.meli-assesmentUITests";
				PRODUCT_NAME = "$(TARGET_NAME)";
				SWIFT_VERSION = 5.0;
				TARGETED_DEVICE_FAMILY = "1,2";
				TEST_TARGET_NAME = "meli assesment";
			};
			name = Debug;
		};
		581B73C8261E42BA00F37C79 /* Release */ = {
			isa = XCBuildConfiguration;
			buildSettings = {
				ALWAYS_EMBED_SWIFT_STANDARD_LIBRARIES = YES;
				CODE_SIGN_STYLE = Automatic;
				DEVELOPMENT_TEAM = H9K52DH825;
				INFOPLIST_FILE = "meli assesmentUITests/Info.plist";
				LD_RUNPATH_SEARCH_PATHS = (
					"$(inherited)",
					"@executable_path/Frameworks",
					"@loader_path/Frameworks",
				);
				PRODUCT_BUNDLE_IDENTIFIER = "sgelves.meli-assesmentUITests";
				PRODUCT_NAME = "$(TARGET_NAME)";
				SWIFT_VERSION = 5.0;
				TARGETED_DEVICE_FAMILY = "1,2";
				TEST_TARGET_NAME = "meli assesment";
			};
			name = Release;
		};
/* End XCBuildConfiguration section */

/* Begin XCConfigurationList section */
		581B7391261E42B600F37C79 /* Build configuration list for PBXProject "meli assesment" */ = {
			isa = XCConfigurationList;
			buildConfigurations = (
				581B73BE261E42BA00F37C79 /* Debug */,
				581B73BF261E42BA00F37C79 /* Release */,
			);
			defaultConfigurationIsVisible = 0;
			defaultConfigurationName = Release;
		};
		581B73C0261E42BA00F37C79 /* Build configuration list for PBXNativeTarget "meli assesment" */ = {
			isa = XCConfigurationList;
			buildConfigurations = (
				581B73C1261E42BA00F37C79 /* Debug */,
				581B73C2261E42BA00F37C79 /* Release */,
			);
			defaultConfigurationIsVisible = 0;
			defaultConfigurationName = Release;
		};
		581B73C3261E42BA00F37C79 /* Build configuration list for PBXNativeTarget "meli assesmentTests" */ = {
			isa = XCConfigurationList;
			buildConfigurations = (
				581B73C4261E42BA00F37C79 /* Debug */,
				581B73C5261E42BA00F37C79 /* Release */,
			);
			defaultConfigurationIsVisible = 0;
			defaultConfigurationName = Release;
		};
		581B73C6261E42BA00F37C79 /* Build configuration list for PBXNativeTarget "meli assesmentUITests" */ = {
			isa = XCConfigurationList;
			buildConfigurations = (
				581B73C7261E42BA00F37C79 /* Debug */,
				581B73C8261E42BA00F37C79 /* Release */,
			);
			defaultConfigurationIsVisible = 0;
			defaultConfigurationName = Release;
		};
/* End XCConfigurationList section */
	};
	rootObject = 581B738E261E42B600F37C79 /* Project object */;
}
